PODS:
  - Crashlytics (3.12.0):
    - Fabric (~> 1.9.0)
  - EFImageViewZoom (0.0.3)
  - Fabric (1.9.0)
  - Firebase/Core (5.20.2):
    - Firebase/CoreOnly
    - FirebaseAnalytics (= 5.8.1)
  - Firebase/CoreOnly (5.20.2):
    - FirebaseCore (= 5.4.1)
  - Firebase/Database (5.20.2):
    - Firebase/CoreOnly
    - FirebaseDatabase (= 5.1.1)
  - Firebase/Storage (5.20.2):
    - Firebase/CoreOnly
    - FirebaseStorage (= 3.1.1)
  - FirebaseAnalytics (5.8.1):
    - FirebaseCore (~> 5.4)
    - FirebaseInstanceID (~> 3.8)
    - GoogleAppMeasurement (= 5.8.1)
    - GoogleUtilities/AppDelegateSwizzler (~> 5.2)
    - GoogleUtilities/MethodSwizzler (~> 5.2)
    - GoogleUtilities/Network (~> 5.2)
    - "GoogleUtilities/NSData+zlib (~> 5.2)"
    - nanopb (~> 0.3)
  - FirebaseAuthInterop (1.0.0)
  - FirebaseCore (5.4.1):
    - GoogleUtilities/Environment (~> 5.2)
    - GoogleUtilities/Logger (~> 5.2)
  - FirebaseDatabase (5.1.1):
    - FirebaseAuthInterop (~> 1.0)
    - FirebaseCore (~> 5.2)
    - leveldb-library (~> 1.18)
  - FirebaseInstanceID (3.8.1):
    - FirebaseCore (~> 5.2)
    - GoogleUtilities/Environment (~> 5.2)
    - GoogleUtilities/UserDefaults (~> 5.2)
  - FirebaseStorage (3.1.1):
    - FirebaseAuthInterop (~> 1.0)
    - FirebaseCore (~> 5.2)
    - GTMSessionFetcher/Core (~> 1.1)
  - GoogleAppMeasurement (5.8.1):
    - GoogleUtilities/AppDelegateSwizzler (~> 5.2)
    - GoogleUtilities/MethodSwizzler (~> 5.2)
    - GoogleUtilities/Network (~> 5.2)
    - "GoogleUtilities/NSData+zlib (~> 5.2)"
    - nanopb (~> 0.3)
  - GoogleUtilities/AppDelegateSwizzler (5.7.0):
    - GoogleUtilities/Environment
    - GoogleUtilities/Logger
    - GoogleUtilities/Network
  - GoogleUtilities/Environment (5.7.0)
  - GoogleUtilities/Logger (5.7.0):
    - GoogleUtilities/Environment
  - GoogleUtilities/MethodSwizzler (5.7.0):
    - GoogleUtilities/Logger
  - GoogleUtilities/Network (5.7.0):
    - GoogleUtilities/Logger
    - "GoogleUtilities/NSData+zlib"
    - GoogleUtilities/Reachability
  - "GoogleUtilities/NSData+zlib (5.7.0)"
  - GoogleUtilities/Reachability (5.7.0):
    - GoogleUtilities/Logger
  - GoogleUtilities/UserDefaults (5.7.0):
    - GoogleUtilities/Logger
  - GTMSessionFetcher/Core (1.2.1)
  - Kingfisher (5.3.1)
  - leveldb-library (1.20)
  - nanopb (0.3.901):
    - nanopb/decode (= 0.3.901)
    - nanopb/encode (= 0.3.901)
  - nanopb/decode (0.3.901)
  - nanopb/encode (0.3.901)
  - Realm (3.14.1):
    - Realm/Headers (= 3.14.1)
  - Realm/Headers (3.14.1)
  - RealmSwift (3.14.1):
    - Realm (= 3.14.1)
  - RevolutionRoboticsBlockly (0.1.2)
  - RevolutionRoboticsBluetooth (0.1.0)
  - SwiftLint (0.31.0)
  - Swinject (2.6.0)

DEPENDENCIES:
  - Crashlytics (~> 3.12.0)
  - EFImageViewZoom (from `https://github.com/ezefranca/EFImageViewZoom.git`)
  - Fabric (~> 1.9.0)
  - Firebase/Core
  - Firebase/Database
  - Firebase/Storage
  - Kingfisher (~> 5.3.1)
  - RealmSwift (~> 3.14.1)
  - "RevolutionRoboticsBlockly (from `git@gitlab.supercharge.io:revolutionrobotics/blockly-ios.git`, branch `development`)"
  - "RevolutionRoboticsBluetooth (from `git@gitlab.supercharge.io:revolutionrobotics/bluetooth-ios.git`, branch `development`)"
  - SwiftLint (~> 0.31.0)
  - Swinject (~> 2.6.0)

SPEC REPOS:
  https://github.com/cocoapods/specs.git:
    - Crashlytics
    - Fabric
    - Firebase
    - FirebaseAnalytics
    - FirebaseAuthInterop
    - FirebaseCore
    - FirebaseDatabase
    - FirebaseInstanceID
    - FirebaseStorage
    - GoogleAppMeasurement
    - GoogleUtilities
    - GTMSessionFetcher
    - Kingfisher
    - leveldb-library
    - nanopb
    - Realm
    - RealmSwift
    - SwiftLint
    - Swinject

EXTERNAL SOURCES:
  EFImageViewZoom:
    :git: https://github.com/ezefranca/EFImageViewZoom.git
  RevolutionRoboticsBlockly:
    :branch: development
    :git: "git@gitlab.supercharge.io:revolutionrobotics/blockly-ios.git"
    :submodules: true
  RevolutionRoboticsBluetooth:
    :branch: development
    :git: "git@gitlab.supercharge.io:revolutionrobotics/bluetooth-ios.git"

CHECKOUT OPTIONS:
  EFImageViewZoom:
    :commit: e4dbb819d02c959e4f570243fa4e61b1faaab456
    :git: https://github.com/ezefranca/EFImageViewZoom.git
  RevolutionRoboticsBlockly:
    :commit: e4ec7df6148b1c2e057e92408acdc4cd825bf30a
    :git: "git@gitlab.supercharge.io:revolutionrobotics/blockly-ios.git"
    :submodules: true
  RevolutionRoboticsBluetooth:
    :commit: 9b6b67e36829b425ca961a929f60f75f600c9432
    :git: "git@gitlab.supercharge.io:revolutionrobotics/bluetooth-ios.git"

SPEC CHECKSUMS:
  Crashlytics: 07fb167b1694128c1c9a5a5cc319b0e9c3ca0933
  EFImageViewZoom: 00c327c1d876e0f9086880681549179b0dbe9811
  Fabric: f988e33c97f08930a413e08123064d2e5f68d655
  Firebase: 0c8cf33f266410c61ab3e2265cfa412200351d9c
  FirebaseAnalytics: ece1aa57a4f43c64d53a648b5a5e05151aae947b
  FirebaseAuthInterop: 0ffa57668be100582bb7643d4fcb7615496c41fc
  FirebaseCore: f1a9a8be1aee4bf71a2fc0f4096df6788bdfda61
  FirebaseDatabase: 2c15b0ea6f2c6eb5e57413f9d6340f1e50b81ae3
  FirebaseInstanceID: a122b0c258720cf250551bb2bedf48c699f80d90
  FirebaseStorage: 6162ef4322502b818d9de0ec552f5226d283de43
  GoogleAppMeasurement: ffe513e90551844a739e7bcbb1d2aca1c28a4338
  GoogleUtilities: 273e67030e0de313e7304f6dcfa96fc5214f6c23
  GTMSessionFetcher: 32aeca0aa144acea523e1c8e053089dec2cb98ca
  Kingfisher: d9e7e0b209b59b8f9873aa2f37654e81a7beea51
  leveldb-library: 08cba283675b7ed2d99629a4bc5fd052cd2bb6a5
  nanopb: 2901f78ea1b7b4015c860c2fdd1ea2fee1a18d48
  Realm: e12c9c2387d05c5bba3a9c394838f5870e85763b
  RealmSwift: a82eab9b04c3e1616082c7e17aa300740847769c
  RevolutionRoboticsBlockly: 04b73d5a4b2ec1d37f292ad8dca6c0938ebde131
  RevolutionRoboticsBluetooth: 58f750d8765d00eb1324dfe2f642d249afe626c0
  SwiftLint: 7a0227733d786395817373b2d0ca799fd0093ff3
  Swinject: 48a96cda93633cf2860697b4ce76ab5db9ebaca2

PODFILE CHECKSUM: 44829f0f907932eb7328ecacc2d24a75cd4bcb6d

COCOAPODS: 1.6.1
