// !$*UTF8*$!
{
	archiveVersion = 1;
	classes = {
	};
	objectVersion = 50;
	objects = {

/* Begin PBXBuildFile section */
		094F9DD82264BE1900BE118B /* Color.swift in Sources */ = {isa = PBXBuildFile; fileRef = 094F9DD72264BE1900BE118B /* Color.swift */; };
		094F9DDA2264BE9600BE118B /* Image.swift in Sources */ = {isa = PBXBuildFile; fileRef = 094F9DD92264BE9600BE118B /* Image.swift */; };
		094F9DDC2264BEE600BE118B /* Font.swift in Sources */ = {isa = PBXBuildFile; fileRef = 094F9DDB2264BEE600BE118B /* Font.swift */; };
		094F9DDE2264CA5600BE118B /* RRNavigationBar.swift in Sources */ = {isa = PBXBuildFile; fileRef = 094F9DDD2264CA5600BE118B /* RRNavigationBar.swift */; };
		094F9DE02264CA7000BE118B /* RRNavigationBar.xib in Resources */ = {isa = PBXBuildFile; fileRef = 094F9DDF2264CA7000BE118B /* RRNavigationBar.xib */; };
		0964798122686DE000F68456 /* WhoToBuildViewController.xib in Resources */ = {isa = PBXBuildFile; fileRef = 0964797F22686DE000F68456 /* WhoToBuildViewController.xib */; };
		0964798222686DE000F68456 /* WhoToBuildViewController.swift in Sources */ = {isa = PBXBuildFile; fileRef = 0964798022686DE000F68456 /* WhoToBuildViewController.swift */; };
		096479862268776200F68456 /* BuildRobotViewController.swift in Sources */ = {isa = PBXBuildFile; fileRef = 096479842268776200F68456 /* BuildRobotViewController.swift */; };
		096479872268776200F68456 /* BuildRobotViewController.xib in Resources */ = {isa = PBXBuildFile; fileRef = 096479852268776200F68456 /* BuildRobotViewController.xib */; };
		096479892268797F00F68456 /* Barlow-Bold.ttf in Resources */ = {isa = PBXBuildFile; fileRef = 096479882268797F00F68456 /* Barlow-Bold.ttf */; };
		0964798D22689DEC00F68456 /* ModalViewController.swift in Sources */ = {isa = PBXBuildFile; fileRef = 0964798B22689DEC00F68456 /* ModalViewController.swift */; };
		0964798E22689DEC00F68456 /* ModalViewController.xib in Resources */ = {isa = PBXBuildFile; fileRef = 0964798C22689DEC00F68456 /* ModalViewController.xib */; };
		097F8433225BA37800DD32BF /* Jura-Bold.ttf in Resources */ = {isa = PBXBuildFile; fileRef = 097F8432225BA37800DD32BF /* Jura-Bold.ttf */; };
		0985495C2271D44500A7C2DC /* UIImageView+GoogleStorage.swift in Sources */ = {isa = PBXBuildFile; fileRef = 0985495B2271D44500A7C2DC /* UIImageView+GoogleStorage.swift */; };
		09C3874D226F32F70097619D /* UIView+Anchor.swift in Sources */ = {isa = PBXBuildFile; fileRef = 09C3874C226F32F70097619D /* UIView+Anchor.swift */; };
		09C38753226F38F40097619D /* Jura-Regular.ttf in Resources */ = {isa = PBXBuildFile; fileRef = 09C38752226F38F40097619D /* Jura-Regular.ttf */; };
		09C38755226F3ABC0097619D /* Barlow-Medium.ttf in Resources */ = {isa = PBXBuildFile; fileRef = 09C38754226F3ABC0097619D /* Barlow-Medium.ttf */; };
		09C38758226F58260097619D /* RRCustomView.swift in Sources */ = {isa = PBXBuildFile; fileRef = 09C38757226F58260097619D /* RRCustomView.swift */; };
		09C3875A2270A7100097619D /* FirebaseError.swift in Sources */ = {isa = PBXBuildFile; fileRef = 09C387592270A7100097619D /* FirebaseError.swift */; };
		09ED1B9A225241C9009CF262 /* NibLoadable.swift in Sources */ = {isa = PBXBuildFile; fileRef = 09ED1B99225241C9009CF262 /* NibLoadable.swift */; };
		09ED1B9C2252424F009CF262 /* Reusable.swift in Sources */ = {isa = PBXBuildFile; fileRef = 09ED1B9B2252424F009CF262 /* Reusable.swift */; };
		09ED1BA9225247B1009CF262 /* MenuViewController.swift in Sources */ = {isa = PBXBuildFile; fileRef = 09ED1BA8225247B1009CF262 /* MenuViewController.swift */; };
		09ED1BAB225247E2009CF262 /* MenuViewController.xib in Resources */ = {isa = PBXBuildFile; fileRef = 09ED1BAA225247E2009CF262 /* MenuViewController.xib */; };
		09ED1BAD22524B09009CF262 /* Callback.swift in Sources */ = {isa = PBXBuildFile; fileRef = 09ED1BAC22524B09009CF262 /* Callback.swift */; };
		09FB0D69226761E900735B74 /* YourRobotsViewController.swift in Sources */ = {isa = PBXBuildFile; fileRef = 09FB0D67226761E900735B74 /* YourRobotsViewController.swift */; };
		09FB0D6A226761E900735B74 /* YourRobotsViewController.xib in Resources */ = {isa = PBXBuildFile; fileRef = 09FB0D68226761E900735B74 /* YourRobotsViewController.xib */; };
		09FB0D6C2267735800735B74 /* Barlow-Regular.ttf in Resources */ = {isa = PBXBuildFile; fileRef = 09FB0D6B2267735800735B74 /* Barlow-Regular.ttf */; };
		196C152151CF8CD40BC3FBEF /* Pods-RevolutionRobotics-metadata.plist in Resources */ = {isa = PBXBuildFile; fileRef = 43BC08A3B14DC91EF1DFAB7E /* Pods-RevolutionRobotics-metadata.plist */; };
		2A77320322648FB000D7F38D /* Settings.bundle in Resources */ = {isa = PBXBuildFile; fileRef = 2A77320222648FB000D7F38D /* Settings.bundle */; };
		2A7732052264A15600D7F38D /* AssemblyRegister.swift in Sources */ = {isa = PBXBuildFile; fileRef = 2A7732042264A15600D7F38D /* AssemblyRegister.swift */; };
		2A7732082264A32200D7F38D /* ScreenAssembly.swift in Sources */ = {isa = PBXBuildFile; fileRef = 2A7732072264A32200D7F38D /* ScreenAssembly.swift */; };
		2A77320A2264A32D00D7F38D /* ServiceAssembly.swift in Sources */ = {isa = PBXBuildFile; fileRef = 2A7732092264A32D00D7F38D /* ServiceAssembly.swift */; };
		2A77320F2264A79900D7F38D /* FirebaseServiceInterface.swift in Sources */ = {isa = PBXBuildFile; fileRef = 2A77320E2264A79900D7F38D /* FirebaseServiceInterface.swift */; };
		2A91937A225F7C6F00E927FD /* BluetoothReachability.swift in Sources */ = {isa = PBXBuildFile; fileRef = 2A919379225F7C6F00E927FD /* BluetoothReachability.swift */; };
		2A9F52022265DAC900F9F651 /* AppContainer.swift in Sources */ = {isa = PBXBuildFile; fileRef = 2A9F52012265DAC900F9F651 /* AppContainer.swift */; };
		2A9F52062265E31C00F9F651 /* BaseViewController.swift in Sources */ = {isa = PBXBuildFile; fileRef = 2A9F52052265E31C00F9F651 /* BaseViewController.swift */; };
		2A9F520D2265E95600F9F651 /* ChallengesViewController.swift in Sources */ = {isa = PBXBuildFile; fileRef = 2A9F520B2265E95600F9F651 /* ChallengesViewController.swift */; };
		2A9F520E2265E95600F9F651 /* ChallengesViewController.xib in Resources */ = {isa = PBXBuildFile; fileRef = 2A9F520C2265E95600F9F651 /* ChallengesViewController.xib */; };
		2A9F52112265E96B00F9F651 /* ProgramsViewController.swift in Sources */ = {isa = PBXBuildFile; fileRef = 2A9F520F2265E96B00F9F651 /* ProgramsViewController.swift */; };
		2A9F52122265E96B00F9F651 /* ProgramsViewController.xib in Resources */ = {isa = PBXBuildFile; fileRef = 2A9F52102265E96B00F9F651 /* ProgramsViewController.xib */; };
		2A9F52152265E97700F9F651 /* SettingsViewController.swift in Sources */ = {isa = PBXBuildFile; fileRef = 2A9F52132265E97700F9F651 /* SettingsViewController.swift */; };
		2A9F52162265E97700F9F651 /* SettingsViewController.xib in Resources */ = {isa = PBXBuildFile; fileRef = 2A9F52142265E97700F9F651 /* SettingsViewController.xib */; };
		2A9F52182265EC0500F9F651 /* Container+Unwrapped.swift in Sources */ = {isa = PBXBuildFile; fileRef = 2A9F52172265EC0500F9F651 /* Container+Unwrapped.swift */; };
		2AA926D522773D95000FAA98 /* SideButton.swift in Sources */ = {isa = PBXBuildFile; fileRef = 2AA926D422773D95000FAA98 /* SideButton.swift */; };
		2AA926D722773DC1000FAA98 /* SideButton.xib in Resources */ = {isa = PBXBuildFile; fileRef = 2AA926D622773DC1000FAA98 /* SideButton.xib */; };
		2ABD618422500F7C00587F1C /* AppDependencies.swift in Sources */ = {isa = PBXBuildFile; fileRef = 2ABD618322500F7C00587F1C /* AppDependencies.swift */; };
		2ADE8C292270A61000ECEC72 /* String+Translate.swift in Sources */ = {isa = PBXBuildFile; fileRef = 2ADE8C282270A61000ECEC72 /* String+Translate.swift */; };
		2ADE8C322270A77200ECEC72 /* ChallengesKeys.swift in Sources */ = {isa = PBXBuildFile; fileRef = 2ADE8C312270A77200ECEC72 /* ChallengesKeys.swift */; };
		2ADE8C342270A78600ECEC72 /* RobotsKeys.swift in Sources */ = {isa = PBXBuildFile; fileRef = 2ADE8C332270A78600ECEC72 /* RobotsKeys.swift */; };
		2ADE8C362270A79300ECEC72 /* ProgramsKeys.swift in Sources */ = {isa = PBXBuildFile; fileRef = 2ADE8C352270A79300ECEC72 /* ProgramsKeys.swift */; };
		2ADE8C382270A79E00ECEC72 /* SettingsKeys.swift in Sources */ = {isa = PBXBuildFile; fileRef = 2ADE8C372270A79E00ECEC72 /* SettingsKeys.swift */; };
		2ADE8C3A2270A7A700ECEC72 /* CommunityKeys.swift in Sources */ = {isa = PBXBuildFile; fileRef = 2ADE8C392270A7A600ECEC72 /* CommunityKeys.swift */; };
		2ADE8C3C2270A80F00ECEC72 /* MenuKeys.swift in Sources */ = {isa = PBXBuildFile; fileRef = 2ADE8C3B2270A80F00ECEC72 /* MenuKeys.swift */; };
		2ADE8C412270AFFD00ECEC72 /* Localizable.strings in Resources */ = {isa = PBXBuildFile; fileRef = 2ADE8C402270AFFD00ECEC72 /* Localizable.strings */; };
		2ADF1F75224AB3B400CC721F /* AppDelegate.swift in Sources */ = {isa = PBXBuildFile; fileRef = 2ADF1F74224AB3B400CC721F /* AppDelegate.swift */; };
		2ADF1F7C224AB3B600CC721F /* Images.xcassets in Resources */ = {isa = PBXBuildFile; fileRef = 2ADF1F7B224AB3B600CC721F /* Images.xcassets */; };
		2ADF1F7F224AB3B600CC721F /* LaunchScreen.storyboard in Resources */ = {isa = PBXBuildFile; fileRef = 2ADF1F7D224AB3B600CC721F /* LaunchScreen.storyboard */; };
		2AFAA11222663111002BE0A2 /* UIImage+Color.swift in Sources */ = {isa = PBXBuildFile; fileRef = 2AFAA11122663111002BE0A2 /* UIImage+Color.swift */; };
		2BAD40C81EC39D61AE2D9BA4 /* Pods-RevolutionRobotics-settings-metadata.plist in Resources */ = {isa = PBXBuildFile; fileRef = 2CF65C7356324D304B0D7D00 /* Pods-RevolutionRobotics-settings-metadata.plist */; };
		3EDBEDA7C8D9D5683FEC00E3 /* Pods_RevolutionRobotics.framework in Frameworks */ = {isa = PBXBuildFile; fileRef = 2703FDDD1F3944173CF58883 /* Pods_RevolutionRobotics.framework */; };
		D0049A1E226F0929007FA256 /* RRButton.swift in Sources */ = {isa = PBXBuildFile; fileRef = D0049A1D226F0929007FA256 /* RRButton.swift */; };
		D0049A25226F0A15007FA256 /* BuildStepViewController.xib in Resources */ = {isa = PBXBuildFile; fileRef = D0049A23226F0A15007FA256 /* BuildStepViewController.xib */; };
		D0049A26226F0A15007FA256 /* BuildStepViewController.swift in Sources */ = {isa = PBXBuildFile; fileRef = D0049A24226F0A15007FA256 /* BuildStepViewController.swift */; };
		D0049A28226F30AA007FA256 /* WhoToBuildCollectionViewCell.swift in Sources */ = {isa = PBXBuildFile; fileRef = D0049A27226F30AA007FA256 /* WhoToBuildCollectionViewCell.swift */; };
		D0049A3D2270A8CF007FA256 /* AvailableRobotsView.swift in Sources */ = {isa = PBXBuildFile; fileRef = D0049A3C2270A8CF007FA256 /* AvailableRobotsView.swift */; };
		D0049A3F2270A8D7007FA256 /* AvailableRobotsView.xib in Resources */ = {isa = PBXBuildFile; fileRef = D0049A3E2270A8D7007FA256 /* AvailableRobotsView.xib */; };
		D0049A422270ABA1007FA256 /* AvailableRobotsTableViewCell.swift in Sources */ = {isa = PBXBuildFile; fileRef = D0049A402270ABA1007FA256 /* AvailableRobotsTableViewCell.swift */; };
		D0049A432270ABA1007FA256 /* AvailableRobotsTableViewCell.xib in Resources */ = {isa = PBXBuildFile; fileRef = D0049A412270ABA1007FA256 /* AvailableRobotsTableViewCell.xib */; };
		D0049A492270BBD2007FA256 /* UITableView+CellReuse.swift in Sources */ = {isa = PBXBuildFile; fileRef = D0049A482270BBD2007FA256 /* UITableView+CellReuse.swift */; };
		D0049A532271CC52007FA256 /* TurnOnBrainView.swift in Sources */ = {isa = PBXBuildFile; fileRef = D0049A512271CC52007FA256 /* TurnOnBrainView.swift */; };
		D0049A542271CC52007FA256 /* TurnOnBrainView.xib in Resources */ = {isa = PBXBuildFile; fileRef = D0049A522271CC52007FA256 /* TurnOnBrainView.xib */; };
		D008E0392260979400089DC7 /* FirebaseData.swift in Sources */ = {isa = PBXBuildFile; fileRef = D008E0382260979300089DC7 /* FirebaseData.swift */; };
		D008E03E2260AAF500089DC7 /* UIViewController+NibLoadable.swift in Sources */ = {isa = PBXBuildFile; fileRef = D008E03B2260AAF500089DC7 /* UIViewController+NibLoadable.swift */; };
		D03BA8532276F323005B3E33 /* PartView.swift in Sources */ = {isa = PBXBuildFile; fileRef = D03BA8512276F323005B3E33 /* PartView.swift */; };
		D03BA8542276F323005B3E33 /* PartView.xib in Resources */ = {isa = PBXBuildFile; fileRef = D03BA8522276F323005B3E33 /* PartView.xib */; };
		D03BA85C2277384A005B3E33 /* ConnectionModal.swift in Sources */ = {isa = PBXBuildFile; fileRef = D03BA8562277384A005B3E33 /* ConnectionModal.swift */; };
		D03BA85D2277384A005B3E33 /* TestingModal.xib in Resources */ = {isa = PBXBuildFile; fileRef = D03BA8572277384A005B3E33 /* TestingModal.xib */; };
		D03BA85E2277384A005B3E33 /* TestingModal.swift in Sources */ = {isa = PBXBuildFile; fileRef = D03BA8582277384A005B3E33 /* TestingModal.swift */; };
		D03BA85F2277384A005B3E33 /* ChapterFinishedModal.xib in Resources */ = {isa = PBXBuildFile; fileRef = D03BA8592277384A005B3E33 /* ChapterFinishedModal.xib */; };
		D03BA8602277384A005B3E33 /* ChapterFinishedModal.swift in Sources */ = {isa = PBXBuildFile; fileRef = D03BA85A2277384A005B3E33 /* ChapterFinishedModal.swift */; };
		D03BA8612277384A005B3E33 /* ConnectionModal.xib in Resources */ = {isa = PBXBuildFile; fileRef = D03BA85B2277384A005B3E33 /* ConnectionModal.xib */; };
		D03BA8642277385E005B3E33 /* FailedConnectionTipsModal.swift in Sources */ = {isa = PBXBuildFile; fileRef = D03BA8622277385E005B3E33 /* FailedConnectionTipsModal.swift */; };
		D03BA8652277385E005B3E33 /* FailedConnectionTipsModal.xib in Resources */ = {isa = PBXBuildFile; fileRef = D03BA8632277385E005B3E33 /* FailedConnectionTipsModal.xib */; };
		D05BAA79226769E900624438 /* NSLayoutConstraint+Multiplier.swift in Sources */ = {isa = PBXBuildFile; fileRef = D05BAA78226769E900624438 /* NSLayoutConstraint+Multiplier.swift */; };
		D05BAA7B226769F300624438 /* UICollectionView+CellReuse.swift in Sources */ = {isa = PBXBuildFile; fileRef = D05BAA7A226769F300624438 /* UICollectionView+CellReuse.swift */; };
		D05BAA7E22676A0C00624438 /* UIView+NibLoadable.swift in Sources */ = {isa = PBXBuildFile; fileRef = D05BAA7C22676A0C00624438 /* UIView+NibLoadable.swift */; };
		D05BAA7F22676A0C00624438 /* UIView+Reusable.swift in Sources */ = {isa = PBXBuildFile; fileRef = D05BAA7D22676A0C00624438 /* UIView+Reusable.swift */; };
		D05BAA9E22676BCA00624438 /* WhoToBuildCollectionViewCell.xib in Resources */ = {isa = PBXBuildFile; fileRef = D05BAA9A22676BCA00624438 /* WhoToBuildCollectionViewCell.xib */; };
		D05C64C8225F570000B7BF4F /* TestCode.swift in Sources */ = {isa = PBXBuildFile; fileRef = D05C64C7225F570000B7BF4F /* TestCode.swift */; };
		D05C64CA225F572F00B7BF4F /* MilestoneType.swift in Sources */ = {isa = PBXBuildFile; fileRef = D05C64C9225F572F00B7BF4F /* MilestoneType.swift */; };
		D05C64CC225F575A00B7BF4F /* Milestone.swift in Sources */ = {isa = PBXBuildFile; fileRef = D05C64CB225F575A00B7BF4F /* Milestone.swift */; };
		D05C64CE225F578A00B7BF4F /* BuildStep.swift in Sources */ = {isa = PBXBuildFile; fileRef = D05C64CD225F578A00B7BF4F /* BuildStep.swift */; };
		D05C64D0225F57BC00B7BF4F /* Robot.swift in Sources */ = {isa = PBXBuildFile; fileRef = D05C64CF225F57BC00B7BF4F /* Robot.swift */; };
		D05C64D4225F585500B7BF4F /* BuildStatus.swift in Sources */ = {isa = PBXBuildFile; fileRef = D05C64D3225F585500B7BF4F /* BuildStatus.swift */; };
		D05C64D6225F587700B7BF4F /* UserRobot.swift in Sources */ = {isa = PBXBuildFile; fileRef = D05C64D5225F587700B7BF4F /* UserRobot.swift */; };
		D05C64D9225F58E200B7BF4F /* Side.swift in Sources */ = {isa = PBXBuildFile; fileRef = D05C64D8225F58E200B7BF4F /* Side.swift */; };
		D05C64DB225F590100B7BF4F /* Port.swift in Sources */ = {isa = PBXBuildFile; fileRef = D05C64DA225F590100B7BF4F /* Port.swift */; };
		D05C64DD225F592400B7BF4F /* Sensor.swift in Sources */ = {isa = PBXBuildFile; fileRef = D05C64DC225F592400B7BF4F /* Sensor.swift */; };
		D05C64DF225F5C4E00B7BF4F /* Rotation.swift in Sources */ = {isa = PBXBuildFile; fileRef = D05C64DE225F5C4E00B7BF4F /* Rotation.swift */; };
		D05C64E1225F5C9900B7BF4F /* Drivetrain.swift in Sources */ = {isa = PBXBuildFile; fileRef = D05C64E0225F5C9900B7BF4F /* Drivetrain.swift */; };
		D05C64E3225F5DBC00B7BF4F /* Motor.swift in Sources */ = {isa = PBXBuildFile; fileRef = D05C64E2225F5DBC00B7BF4F /* Motor.swift */; };
		D05C64E5225F5DEE00B7BF4F /* PortMapping.swift in Sources */ = {isa = PBXBuildFile; fileRef = D05C64E4225F5DEE00B7BF4F /* PortMapping.swift */; };
		D05C64E7225F5E3600B7BF4F /* Configuration.swift in Sources */ = {isa = PBXBuildFile; fileRef = D05C64E6225F5E3600B7BF4F /* Configuration.swift */; };
		D05C64E9225F683800B7BF4F /* GoogleService-Info.plist in Resources */ = {isa = PBXBuildFile; fileRef = D05C64E8225F683800B7BF4F /* GoogleService-Info.plist */; };
		D08C1CE2226478200052EE1F /* FirebaseService.swift in Sources */ = {isa = PBXBuildFile; fileRef = D08C1CE1226478200052EE1F /* FirebaseService.swift */; };
		D08C1CF022648F990052EE1F /* UIView+Crop.swift in Sources */ = {isa = PBXBuildFile; fileRef = D08C1CEF22648F990052EE1F /* UIView+Crop.swift */; };
/* End PBXBuildFile section */

/* Begin PBXFileReference section */
		094F9DD72264BE1900BE118B /* Color.swift */ = {isa = PBXFileReference; lastKnownFileType = sourcecode.swift; path = Color.swift; sourceTree = "<group>"; };
		094F9DD92264BE9600BE118B /* Image.swift */ = {isa = PBXFileReference; lastKnownFileType = sourcecode.swift; path = Image.swift; sourceTree = "<group>"; };
		094F9DDB2264BEE600BE118B /* Font.swift */ = {isa = PBXFileReference; lastKnownFileType = sourcecode.swift; path = Font.swift; sourceTree = "<group>"; };
		094F9DDD2264CA5600BE118B /* RRNavigationBar.swift */ = {isa = PBXFileReference; lastKnownFileType = sourcecode.swift; path = RRNavigationBar.swift; sourceTree = "<group>"; };
		094F9DDF2264CA7000BE118B /* RRNavigationBar.xib */ = {isa = PBXFileReference; lastKnownFileType = file.xib; path = RRNavigationBar.xib; sourceTree = "<group>"; };
		0964797F22686DE000F68456 /* WhoToBuildViewController.xib */ = {isa = PBXFileReference; fileEncoding = 4; lastKnownFileType = file.xib; path = WhoToBuildViewController.xib; sourceTree = "<group>"; };
		0964798022686DE000F68456 /* WhoToBuildViewController.swift */ = {isa = PBXFileReference; fileEncoding = 4; lastKnownFileType = sourcecode.swift; path = WhoToBuildViewController.swift; sourceTree = "<group>"; };
		096479842268776200F68456 /* BuildRobotViewController.swift */ = {isa = PBXFileReference; lastKnownFileType = sourcecode.swift; path = BuildRobotViewController.swift; sourceTree = "<group>"; };
		096479852268776200F68456 /* BuildRobotViewController.xib */ = {isa = PBXFileReference; lastKnownFileType = file.xib; path = BuildRobotViewController.xib; sourceTree = "<group>"; };
		096479882268797F00F68456 /* Barlow-Bold.ttf */ = {isa = PBXFileReference; lastKnownFileType = file; path = "Barlow-Bold.ttf"; sourceTree = "<group>"; };
		0964798B22689DEC00F68456 /* ModalViewController.swift */ = {isa = PBXFileReference; lastKnownFileType = sourcecode.swift; path = ModalViewController.swift; sourceTree = "<group>"; };
		0964798C22689DEC00F68456 /* ModalViewController.xib */ = {isa = PBXFileReference; lastKnownFileType = file.xib; path = ModalViewController.xib; sourceTree = "<group>"; };
		097F8432225BA37800DD32BF /* Jura-Bold.ttf */ = {isa = PBXFileReference; lastKnownFileType = file; path = "Jura-Bold.ttf"; sourceTree = "<group>"; };
		0985495B2271D44500A7C2DC /* UIImageView+GoogleStorage.swift */ = {isa = PBXFileReference; fileEncoding = 4; lastKnownFileType = sourcecode.swift; path = "UIImageView+GoogleStorage.swift"; sourceTree = "<group>"; };
		09C3874C226F32F70097619D /* UIView+Anchor.swift */ = {isa = PBXFileReference; lastKnownFileType = sourcecode.swift; path = "UIView+Anchor.swift"; sourceTree = "<group>"; };
		09C38752226F38F40097619D /* Jura-Regular.ttf */ = {isa = PBXFileReference; lastKnownFileType = file; path = "Jura-Regular.ttf"; sourceTree = "<group>"; };
		09C38754226F3ABC0097619D /* Barlow-Medium.ttf */ = {isa = PBXFileReference; lastKnownFileType = file; path = "Barlow-Medium.ttf"; sourceTree = "<group>"; };
		09C38757226F58260097619D /* RRCustomView.swift */ = {isa = PBXFileReference; lastKnownFileType = sourcecode.swift; path = RRCustomView.swift; sourceTree = "<group>"; };
		09C387592270A7100097619D /* FirebaseError.swift */ = {isa = PBXFileReference; lastKnownFileType = sourcecode.swift; path = FirebaseError.swift; sourceTree = "<group>"; };
		09ED1B99225241C9009CF262 /* NibLoadable.swift */ = {isa = PBXFileReference; lastKnownFileType = sourcecode.swift; path = NibLoadable.swift; sourceTree = "<group>"; };
		09ED1B9B2252424F009CF262 /* Reusable.swift */ = {isa = PBXFileReference; lastKnownFileType = sourcecode.swift; path = Reusable.swift; sourceTree = "<group>"; };
		09ED1BA8225247B1009CF262 /* MenuViewController.swift */ = {isa = PBXFileReference; lastKnownFileType = sourcecode.swift; path = MenuViewController.swift; sourceTree = "<group>"; };
		09ED1BAA225247E2009CF262 /* MenuViewController.xib */ = {isa = PBXFileReference; lastKnownFileType = file.xib; path = MenuViewController.xib; sourceTree = "<group>"; };
		09ED1BAC22524B09009CF262 /* Callback.swift */ = {isa = PBXFileReference; lastKnownFileType = sourcecode.swift; path = Callback.swift; sourceTree = "<group>"; };
		09FB0D67226761E900735B74 /* YourRobotsViewController.swift */ = {isa = PBXFileReference; fileEncoding = 4; lastKnownFileType = sourcecode.swift; path = YourRobotsViewController.swift; sourceTree = "<group>"; };
		09FB0D68226761E900735B74 /* YourRobotsViewController.xib */ = {isa = PBXFileReference; fileEncoding = 4; lastKnownFileType = file.xib; path = YourRobotsViewController.xib; sourceTree = "<group>"; };
		09FB0D6B2267735800735B74 /* Barlow-Regular.ttf */ = {isa = PBXFileReference; lastKnownFileType = file; path = "Barlow-Regular.ttf"; sourceTree = "<group>"; };
		2703FDDD1F3944173CF58883 /* Pods_RevolutionRobotics.framework */ = {isa = PBXFileReference; explicitFileType = wrapper.framework; includeInIndex = 0; path = Pods_RevolutionRobotics.framework; sourceTree = BUILT_PRODUCTS_DIR; };
		2A77320222648FB000D7F38D /* Settings.bundle */ = {isa = PBXFileReference; lastKnownFileType = "wrapper.plug-in"; path = Settings.bundle; sourceTree = "<group>"; };
		2A7732042264A15600D7F38D /* AssemblyRegister.swift */ = {isa = PBXFileReference; lastKnownFileType = sourcecode.swift; path = AssemblyRegister.swift; sourceTree = "<group>"; };
		2A7732072264A32200D7F38D /* ScreenAssembly.swift */ = {isa = PBXFileReference; lastKnownFileType = sourcecode.swift; path = ScreenAssembly.swift; sourceTree = "<group>"; };
		2A7732092264A32D00D7F38D /* ServiceAssembly.swift */ = {isa = PBXFileReference; lastKnownFileType = sourcecode.swift; path = ServiceAssembly.swift; sourceTree = "<group>"; };
		2A77320E2264A79900D7F38D /* FirebaseServiceInterface.swift */ = {isa = PBXFileReference; lastKnownFileType = sourcecode.swift; path = FirebaseServiceInterface.swift; sourceTree = "<group>"; };
		2A919379225F7C6F00E927FD /* BluetoothReachability.swift */ = {isa = PBXFileReference; lastKnownFileType = sourcecode.swift; path = BluetoothReachability.swift; sourceTree = "<group>"; };
		2A9F52012265DAC900F9F651 /* AppContainer.swift */ = {isa = PBXFileReference; lastKnownFileType = sourcecode.swift; path = AppContainer.swift; sourceTree = "<group>"; };
		2A9F52052265E31C00F9F651 /* BaseViewController.swift */ = {isa = PBXFileReference; fileEncoding = 4; lastKnownFileType = sourcecode.swift; path = BaseViewController.swift; sourceTree = "<group>"; };
		2A9F520B2265E95600F9F651 /* ChallengesViewController.swift */ = {isa = PBXFileReference; lastKnownFileType = sourcecode.swift; path = ChallengesViewController.swift; sourceTree = "<group>"; };
		2A9F520C2265E95600F9F651 /* ChallengesViewController.xib */ = {isa = PBXFileReference; lastKnownFileType = file.xib; path = ChallengesViewController.xib; sourceTree = "<group>"; };
		2A9F520F2265E96B00F9F651 /* ProgramsViewController.swift */ = {isa = PBXFileReference; lastKnownFileType = sourcecode.swift; path = ProgramsViewController.swift; sourceTree = "<group>"; };
		2A9F52102265E96B00F9F651 /* ProgramsViewController.xib */ = {isa = PBXFileReference; lastKnownFileType = file.xib; path = ProgramsViewController.xib; sourceTree = "<group>"; };
		2A9F52132265E97700F9F651 /* SettingsViewController.swift */ = {isa = PBXFileReference; lastKnownFileType = sourcecode.swift; path = SettingsViewController.swift; sourceTree = "<group>"; };
		2A9F52142265E97700F9F651 /* SettingsViewController.xib */ = {isa = PBXFileReference; lastKnownFileType = file.xib; path = SettingsViewController.xib; sourceTree = "<group>"; };
		2A9F52172265EC0500F9F651 /* Container+Unwrapped.swift */ = {isa = PBXFileReference; lastKnownFileType = sourcecode.swift; path = "Container+Unwrapped.swift"; sourceTree = "<group>"; };
		2AA926D422773D95000FAA98 /* SideButton.swift */ = {isa = PBXFileReference; lastKnownFileType = sourcecode.swift; path = SideButton.swift; sourceTree = "<group>"; };
		2AA926D622773DC1000FAA98 /* SideButton.xib */ = {isa = PBXFileReference; lastKnownFileType = file.xib; path = SideButton.xib; sourceTree = "<group>"; };
		2ABD618322500F7C00587F1C /* AppDependencies.swift */ = {isa = PBXFileReference; lastKnownFileType = sourcecode.swift; path = AppDependencies.swift; sourceTree = "<group>"; };
		2ADE8C282270A61000ECEC72 /* String+Translate.swift */ = {isa = PBXFileReference; lastKnownFileType = sourcecode.swift; path = "String+Translate.swift"; sourceTree = "<group>"; };
		2ADE8C312270A77200ECEC72 /* ChallengesKeys.swift */ = {isa = PBXFileReference; lastKnownFileType = sourcecode.swift; path = ChallengesKeys.swift; sourceTree = "<group>"; };
		2ADE8C332270A78600ECEC72 /* RobotsKeys.swift */ = {isa = PBXFileReference; lastKnownFileType = sourcecode.swift; path = RobotsKeys.swift; sourceTree = "<group>"; };
		2ADE8C352270A79300ECEC72 /* ProgramsKeys.swift */ = {isa = PBXFileReference; lastKnownFileType = sourcecode.swift; path = ProgramsKeys.swift; sourceTree = "<group>"; };
		2ADE8C372270A79E00ECEC72 /* SettingsKeys.swift */ = {isa = PBXFileReference; lastKnownFileType = sourcecode.swift; path = SettingsKeys.swift; sourceTree = "<group>"; };
		2ADE8C392270A7A600ECEC72 /* CommunityKeys.swift */ = {isa = PBXFileReference; lastKnownFileType = sourcecode.swift; path = CommunityKeys.swift; sourceTree = "<group>"; };
		2ADE8C3B2270A80F00ECEC72 /* MenuKeys.swift */ = {isa = PBXFileReference; lastKnownFileType = sourcecode.swift; path = MenuKeys.swift; sourceTree = "<group>"; };
		2ADE8C3E2270AF0100ECEC72 /* Base */ = {isa = PBXFileReference; lastKnownFileType = file.storyboard; name = Base; path = Base.lproj/LaunchScreen.storyboard; sourceTree = "<group>"; };
		2ADE8C402270AFFD00ECEC72 /* Localizable.strings */ = {isa = PBXFileReference; lastKnownFileType = text.plist.strings; path = Localizable.strings; sourceTree = "<group>"; };
		2ADF1F71224AB3B400CC721F /* RevolutionRobotics.app */ = {isa = PBXFileReference; explicitFileType = wrapper.application; includeInIndex = 0; path = RevolutionRobotics.app; sourceTree = BUILT_PRODUCTS_DIR; };
		2ADF1F74224AB3B400CC721F /* AppDelegate.swift */ = {isa = PBXFileReference; lastKnownFileType = sourcecode.swift; path = AppDelegate.swift; sourceTree = "<group>"; };
		2ADF1F7B224AB3B600CC721F /* Images.xcassets */ = {isa = PBXFileReference; lastKnownFileType = folder.assetcatalog; path = Images.xcassets; sourceTree = "<group>"; };
		2ADF1F80224AB3B600CC721F /* Info.plist */ = {isa = PBXFileReference; lastKnownFileType = text.plist.xml; path = Info.plist; sourceTree = "<group>"; };
		2AFAA11122663111002BE0A2 /* UIImage+Color.swift */ = {isa = PBXFileReference; lastKnownFileType = sourcecode.swift; path = "UIImage+Color.swift"; sourceTree = "<group>"; };
		2CF65C7356324D304B0D7D00 /* Pods-RevolutionRobotics-settings-metadata.plist */ = {isa = PBXFileReference; includeInIndex = 1; lastKnownFileType = text.plist.xml; name = "Pods-RevolutionRobotics-settings-metadata.plist"; path = "../RevolutionRobotics/Resources/Settings/Settings.bundle/Pods-RevolutionRobotics-settings-metadata.plist"; sourceTree = "<group>"; };
		3222BBCEACAD7CD926CA491F /* Pods-RevolutionRobotics.debug prod.xcconfig */ = {isa = PBXFileReference; includeInIndex = 1; lastKnownFileType = text.xcconfig; name = "Pods-RevolutionRobotics.debug prod.xcconfig"; path = "Target Support Files/Pods-RevolutionRobotics/Pods-RevolutionRobotics.debug prod.xcconfig"; sourceTree = "<group>"; };
		43BC08A3B14DC91EF1DFAB7E /* Pods-RevolutionRobotics-metadata.plist */ = {isa = PBXFileReference; includeInIndex = 1; lastKnownFileType = text.plist.xml; path = "Pods-RevolutionRobotics-metadata.plist"; sourceTree = "<group>"; };
		885A268C4635C8205C22591E /* Pods-RevolutionRobotics.release dev.xcconfig */ = {isa = PBXFileReference; includeInIndex = 1; lastKnownFileType = text.xcconfig; name = "Pods-RevolutionRobotics.release dev.xcconfig"; path = "Target Support Files/Pods-RevolutionRobotics/Pods-RevolutionRobotics.release dev.xcconfig"; sourceTree = "<group>"; };
		A1B6FE6D4EED82B8B42949D3 /* Pods-RevolutionRobotics.release prod.xcconfig */ = {isa = PBXFileReference; includeInIndex = 1; lastKnownFileType = text.xcconfig; name = "Pods-RevolutionRobotics.release prod.xcconfig"; path = "Target Support Files/Pods-RevolutionRobotics/Pods-RevolutionRobotics.release prod.xcconfig"; sourceTree = "<group>"; };
		AD7B4F2CA1426678DEA6006D /* Pods-RevolutionRobotics.debug dev.xcconfig */ = {isa = PBXFileReference; includeInIndex = 1; lastKnownFileType = text.xcconfig; name = "Pods-RevolutionRobotics.debug dev.xcconfig"; path = "Target Support Files/Pods-RevolutionRobotics/Pods-RevolutionRobotics.debug dev.xcconfig"; sourceTree = "<group>"; };
		D0049A1D226F0929007FA256 /* RRButton.swift */ = {isa = PBXFileReference; fileEncoding = 4; lastKnownFileType = sourcecode.swift; path = RRButton.swift; sourceTree = "<group>"; };
		D0049A23226F0A15007FA256 /* BuildStepViewController.xib */ = {isa = PBXFileReference; fileEncoding = 4; lastKnownFileType = file.xib; path = BuildStepViewController.xib; sourceTree = "<group>"; };
		D0049A24226F0A15007FA256 /* BuildStepViewController.swift */ = {isa = PBXFileReference; fileEncoding = 4; lastKnownFileType = sourcecode.swift; path = BuildStepViewController.swift; sourceTree = "<group>"; };
		D0049A27226F30AA007FA256 /* WhoToBuildCollectionViewCell.swift */ = {isa = PBXFileReference; fileEncoding = 4; lastKnownFileType = sourcecode.swift; path = WhoToBuildCollectionViewCell.swift; sourceTree = "<group>"; };
		D0049A3C2270A8CF007FA256 /* AvailableRobotsView.swift */ = {isa = PBXFileReference; lastKnownFileType = sourcecode.swift; path = AvailableRobotsView.swift; sourceTree = "<group>"; };
		D0049A3E2270A8D7007FA256 /* AvailableRobotsView.xib */ = {isa = PBXFileReference; lastKnownFileType = file.xib; path = AvailableRobotsView.xib; sourceTree = "<group>"; };
		D0049A402270ABA1007FA256 /* AvailableRobotsTableViewCell.swift */ = {isa = PBXFileReference; lastKnownFileType = sourcecode.swift; path = AvailableRobotsTableViewCell.swift; sourceTree = "<group>"; };
		D0049A412270ABA1007FA256 /* AvailableRobotsTableViewCell.xib */ = {isa = PBXFileReference; lastKnownFileType = file.xib; path = AvailableRobotsTableViewCell.xib; sourceTree = "<group>"; };
		D0049A482270BBD2007FA256 /* UITableView+CellReuse.swift */ = {isa = PBXFileReference; fileEncoding = 4; lastKnownFileType = sourcecode.swift; path = "UITableView+CellReuse.swift"; sourceTree = "<group>"; };
		D0049A512271CC52007FA256 /* TurnOnBrainView.swift */ = {isa = PBXFileReference; fileEncoding = 4; lastKnownFileType = sourcecode.swift; path = TurnOnBrainView.swift; sourceTree = "<group>"; };
		D0049A522271CC52007FA256 /* TurnOnBrainView.xib */ = {isa = PBXFileReference; fileEncoding = 4; lastKnownFileType = file.xib; path = TurnOnBrainView.xib; sourceTree = "<group>"; };
		D008E0382260979300089DC7 /* FirebaseData.swift */ = {isa = PBXFileReference; lastKnownFileType = sourcecode.swift; path = FirebaseData.swift; sourceTree = "<group>"; };
		D008E03B2260AAF500089DC7 /* UIViewController+NibLoadable.swift */ = {isa = PBXFileReference; fileEncoding = 4; lastKnownFileType = sourcecode.swift; path = "UIViewController+NibLoadable.swift"; sourceTree = "<group>"; };
		D03BA8512276F323005B3E33 /* PartView.swift */ = {isa = PBXFileReference; fileEncoding = 4; lastKnownFileType = sourcecode.swift; path = PartView.swift; sourceTree = "<group>"; };
		D03BA8522276F323005B3E33 /* PartView.xib */ = {isa = PBXFileReference; fileEncoding = 4; lastKnownFileType = file.xib; path = PartView.xib; sourceTree = "<group>"; };
		D03BA8562277384A005B3E33 /* ConnectionModal.swift */ = {isa = PBXFileReference; fileEncoding = 4; lastKnownFileType = sourcecode.swift; path = ConnectionModal.swift; sourceTree = "<group>"; };
		D03BA8572277384A005B3E33 /* TestingModal.xib */ = {isa = PBXFileReference; fileEncoding = 4; lastKnownFileType = file.xib; path = TestingModal.xib; sourceTree = "<group>"; };
		D03BA8582277384A005B3E33 /* TestingModal.swift */ = {isa = PBXFileReference; fileEncoding = 4; lastKnownFileType = sourcecode.swift; path = TestingModal.swift; sourceTree = "<group>"; };
		D03BA8592277384A005B3E33 /* ChapterFinishedModal.xib */ = {isa = PBXFileReference; fileEncoding = 4; lastKnownFileType = file.xib; path = ChapterFinishedModal.xib; sourceTree = "<group>"; };
		D03BA85A2277384A005B3E33 /* ChapterFinishedModal.swift */ = {isa = PBXFileReference; fileEncoding = 4; lastKnownFileType = sourcecode.swift; path = ChapterFinishedModal.swift; sourceTree = "<group>"; };
		D03BA85B2277384A005B3E33 /* ConnectionModal.xib */ = {isa = PBXFileReference; fileEncoding = 4; lastKnownFileType = file.xib; path = ConnectionModal.xib; sourceTree = "<group>"; };
		D03BA8622277385E005B3E33 /* FailedConnectionTipsModal.swift */ = {isa = PBXFileReference; fileEncoding = 4; lastKnownFileType = sourcecode.swift; path = FailedConnectionTipsModal.swift; sourceTree = "<group>"; };
		D03BA8632277385E005B3E33 /* FailedConnectionTipsModal.xib */ = {isa = PBXFileReference; fileEncoding = 4; lastKnownFileType = file.xib; path = FailedConnectionTipsModal.xib; sourceTree = "<group>"; };
		D05BAA78226769E900624438 /* NSLayoutConstraint+Multiplier.swift */ = {isa = PBXFileReference; fileEncoding = 4; lastKnownFileType = sourcecode.swift; path = "NSLayoutConstraint+Multiplier.swift"; sourceTree = "<group>"; };
		D05BAA7A226769F300624438 /* UICollectionView+CellReuse.swift */ = {isa = PBXFileReference; fileEncoding = 4; lastKnownFileType = sourcecode.swift; path = "UICollectionView+CellReuse.swift"; sourceTree = "<group>"; };
		D05BAA7C22676A0C00624438 /* UIView+NibLoadable.swift */ = {isa = PBXFileReference; fileEncoding = 4; lastKnownFileType = sourcecode.swift; path = "UIView+NibLoadable.swift"; sourceTree = "<group>"; };
		D05BAA7D22676A0C00624438 /* UIView+Reusable.swift */ = {isa = PBXFileReference; fileEncoding = 4; lastKnownFileType = sourcecode.swift; path = "UIView+Reusable.swift"; sourceTree = "<group>"; };
		D05BAA9A22676BCA00624438 /* WhoToBuildCollectionViewCell.xib */ = {isa = PBXFileReference; fileEncoding = 4; lastKnownFileType = file.xib; path = WhoToBuildCollectionViewCell.xib; sourceTree = "<group>"; };
		D05C64C7225F570000B7BF4F /* TestCode.swift */ = {isa = PBXFileReference; lastKnownFileType = sourcecode.swift; path = TestCode.swift; sourceTree = "<group>"; };
		D05C64C9225F572F00B7BF4F /* MilestoneType.swift */ = {isa = PBXFileReference; lastKnownFileType = sourcecode.swift; path = MilestoneType.swift; sourceTree = "<group>"; };
		D05C64CB225F575A00B7BF4F /* Milestone.swift */ = {isa = PBXFileReference; lastKnownFileType = sourcecode.swift; path = Milestone.swift; sourceTree = "<group>"; };
		D05C64CD225F578A00B7BF4F /* BuildStep.swift */ = {isa = PBXFileReference; lastKnownFileType = sourcecode.swift; path = BuildStep.swift; sourceTree = "<group>"; };
		D05C64CF225F57BC00B7BF4F /* Robot.swift */ = {isa = PBXFileReference; lastKnownFileType = sourcecode.swift; path = Robot.swift; sourceTree = "<group>"; };
		D05C64D3225F585500B7BF4F /* BuildStatus.swift */ = {isa = PBXFileReference; lastKnownFileType = sourcecode.swift; path = BuildStatus.swift; sourceTree = "<group>"; };
		D05C64D5225F587700B7BF4F /* UserRobot.swift */ = {isa = PBXFileReference; lastKnownFileType = sourcecode.swift; path = UserRobot.swift; sourceTree = "<group>"; };
		D05C64D8225F58E200B7BF4F /* Side.swift */ = {isa = PBXFileReference; lastKnownFileType = sourcecode.swift; path = Side.swift; sourceTree = "<group>"; };
		D05C64DA225F590100B7BF4F /* Port.swift */ = {isa = PBXFileReference; lastKnownFileType = sourcecode.swift; path = Port.swift; sourceTree = "<group>"; };
		D05C64DC225F592400B7BF4F /* Sensor.swift */ = {isa = PBXFileReference; lastKnownFileType = sourcecode.swift; path = Sensor.swift; sourceTree = "<group>"; };
		D05C64DE225F5C4E00B7BF4F /* Rotation.swift */ = {isa = PBXFileReference; lastKnownFileType = sourcecode.swift; path = Rotation.swift; sourceTree = "<group>"; };
		D05C64E0225F5C9900B7BF4F /* Drivetrain.swift */ = {isa = PBXFileReference; lastKnownFileType = sourcecode.swift; path = Drivetrain.swift; sourceTree = "<group>"; };
		D05C64E2225F5DBC00B7BF4F /* Motor.swift */ = {isa = PBXFileReference; lastKnownFileType = sourcecode.swift; path = Motor.swift; sourceTree = "<group>"; };
		D05C64E4225F5DEE00B7BF4F /* PortMapping.swift */ = {isa = PBXFileReference; lastKnownFileType = sourcecode.swift; path = PortMapping.swift; sourceTree = "<group>"; };
		D05C64E6225F5E3600B7BF4F /* Configuration.swift */ = {isa = PBXFileReference; lastKnownFileType = sourcecode.swift; path = Configuration.swift; sourceTree = "<group>"; };
		D05C64E8225F683800B7BF4F /* GoogleService-Info.plist */ = {isa = PBXFileReference; fileEncoding = 4; lastKnownFileType = text.plist.xml; path = "GoogleService-Info.plist"; sourceTree = "<group>"; };
		D08C1CE1226478200052EE1F /* FirebaseService.swift */ = {isa = PBXFileReference; lastKnownFileType = sourcecode.swift; path = FirebaseService.swift; sourceTree = "<group>"; };
		D08C1CEF22648F990052EE1F /* UIView+Crop.swift */ = {isa = PBXFileReference; fileEncoding = 4; lastKnownFileType = sourcecode.swift; path = "UIView+Crop.swift"; sourceTree = "<group>"; };
/* End PBXFileReference section */

/* Begin PBXFrameworksBuildPhase section */
		2ADF1F6E224AB3B400CC721F /* Frameworks */ = {
			isa = PBXFrameworksBuildPhase;
			buildActionMask = 2147483647;
			files = (
				3EDBEDA7C8D9D5683FEC00E3 /* Pods_RevolutionRobotics.framework in Frameworks */,
			);
			runOnlyForDeploymentPostprocessing = 0;
		};
/* End PBXFrameworksBuildPhase section */

/* Begin PBXGroup section */
		090EAFF32264A4B1001E121E /* NavigationBar */ = {
			isa = PBXGroup;
			children = (
				094F9DDD2264CA5600BE118B /* RRNavigationBar.swift */,
				094F9DDF2264CA7000BE118B /* RRNavigationBar.xib */,
			);
			path = NavigationBar;
			sourceTree = "<group>";
		};
		0939A37C2276E6EF005EE307 /* View */ = {
			isa = PBXGroup;
			children = (
				D03BA8512276F323005B3E33 /* PartView.swift */,
				D03BA8522276F323005B3E33 /* PartView.xib */,
			);
			path = View;
			sourceTree = "<group>";
		};
		096479832268773700F68456 /* BuildRobot */ = {
			isa = PBXGroup;
			children = (
				D03BA8552277384A005B3E33 /* Modal */,
				0939A37C2276E6EF005EE307 /* View */,
				096479842268776200F68456 /* BuildRobotViewController.swift */,
				096479852268776200F68456 /* BuildRobotViewController.xib */,
			);
			path = BuildRobot;
			sourceTree = "<group>";
		};
		0964798A22689DB900F68456 /* Modal */ = {
			isa = PBXGroup;
			children = (
				0964798B22689DEC00F68456 /* ModalViewController.swift */,
				0964798C22689DEC00F68456 /* ModalViewController.xib */,
			);
			path = Modal;
			sourceTree = "<group>";
		};
		097F8431225BA33800DD32BF /* Fonts */ = {
			isa = PBXGroup;
			children = (
				096479882268797F00F68456 /* Barlow-Bold.ttf */,
				09C38754226F3ABC0097619D /* Barlow-Medium.ttf */,
				09FB0D6B2267735800735B74 /* Barlow-Regular.ttf */,
				097F8432225BA37800DD32BF /* Jura-Bold.ttf */,
				09C38752226F38F40097619D /* Jura-Regular.ttf */,
			);
			path = Fonts;
			sourceTree = "<group>";
		};
		0985495A2271D42400A7C2DC /* UIImageView */ = {
			isa = PBXGroup;
			children = (
				0985495B2271D44500A7C2DC /* UIImageView+GoogleStorage.swift */,
			);
			path = UIImageView;
			sourceTree = "<group>";
		};
		09C38756226F58180097619D /* CustomView */ = {
			isa = PBXGroup;
			children = (
				09C38757226F58260097619D /* RRCustomView.swift */,
			);
			path = CustomView;
			sourceTree = "<group>";
		};
		09D41808225B861C000E2CE7 /* Menu */ = {
			isa = PBXGroup;
			children = (
				09ED1BA8225247B1009CF262 /* MenuViewController.swift */,
				09ED1BAA225247E2009CF262 /* MenuViewController.xib */,
			);
			path = Menu;
			sourceTree = "<group>";
		};
		09ED1B9022523C22009CF262 /* Resources */ = {
			isa = PBXGroup;
			children = (
				2ADF1F80224AB3B600CC721F /* Info.plist */,
				09ED1BA4225242E8009CF262 /* Assets */,
				097F8431225BA33800DD32BF /* Fonts */,
				2ADE8C272270A58600ECEC72 /* Localization */,
				2A77320122648F9A00D7F38D /* Settings */,
			);
			path = Resources;
			sourceTree = "<group>";
		};
		09ED1B98225241A7009CF262 /* Utils */ = {
			isa = PBXGroup;
			children = (
				09ED1BAC22524B09009CF262 /* Callback.swift */,
				2A7732112264A96800D7F38D /* Connectivity */,
				D008E03A2260AAF500089DC7 /* Extensions */,
				2A7732102264A95900D7F38D /* Protocols */,
			);
			path = Utils;
			sourceTree = "<group>";
		};
		09ED1BA2225242CB009CF262 /* ViewControllers */ = {
			isa = PBXGroup;
			children = (
				2A9F52042265E1D500F9F651 /* Base */,
				2A9F520A2265E92B00F9F651 /* Challenges */,
				09D41808225B861C000E2CE7 /* Menu */,
				0964798A22689DB900F68456 /* Modal */,
				2A9F52092265E92400F9F651 /* Programs */,
				09FB0D66226761E900735B74 /* Robots */,
				2A9F52072265E8C500F9F651 /* Settings */,
			);
			path = ViewControllers;
			sourceTree = "<group>";
		};
		09ED1BA4225242E8009CF262 /* Assets */ = {
			isa = PBXGroup;
			children = (
				2ADF1F7B224AB3B600CC721F /* Images.xcassets */,
				094F9DD72264BE1900BE118B /* Color.swift */,
				094F9DDB2264BEE600BE118B /* Font.swift */,
				094F9DD92264BE9600BE118B /* Image.swift */,
				2ADF1F7D224AB3B600CC721F /* LaunchScreen.storyboard */,
			);
			path = Assets;
			sourceTree = "<group>";
		};
		09ED1BA52252434E009CF262 /* App */ = {
			isa = PBXGroup;
			children = (
				2A9F52012265DAC900F9F651 /* AppContainer.swift */,
				2ADF1F74224AB3B400CC721F /* AppDelegate.swift */,
				2ABD618322500F7C00587F1C /* AppDependencies.swift */,
				2A7732062264A15E00D7F38D /* Assemblies */,
			);
			path = App;
			sourceTree = "<group>";
		};
		09FB0D66226761E900735B74 /* Robots */ = {
			isa = PBXGroup;
			children = (
				096479832268773700F68456 /* BuildRobot */,
				09FB0D6D2267762700735B74 /* WhoToBuild */,
				09FB0D7322686C2500735B74 /* YourRobots */,
			);
			path = Robots;
			sourceTree = "<group>";
		};
		09FB0D6D2267762700735B74 /* WhoToBuild */ = {
			isa = PBXGroup;
			children = (
				D0049A502271CC52007FA256 /* Modal */,
				D0049A24226F0A15007FA256 /* BuildStepViewController.swift */,
				D0049A23226F0A15007FA256 /* BuildStepViewController.xib */,
				D0049A27226F30AA007FA256 /* WhoToBuildCollectionViewCell.swift */,
				D05BAA9A22676BCA00624438 /* WhoToBuildCollectionViewCell.xib */,
				0964798022686DE000F68456 /* WhoToBuildViewController.swift */,
				0964797F22686DE000F68456 /* WhoToBuildViewController.xib */,
				D0049A3C2270A8CF007FA256 /* AvailableRobotsView.swift */,
				D0049A3E2270A8D7007FA256 /* AvailableRobotsView.xib */,
				D0049A402270ABA1007FA256 /* AvailableRobotsTableViewCell.swift */,
				D0049A412270ABA1007FA256 /* AvailableRobotsTableViewCell.xib */,
			);
			path = WhoToBuild;
			sourceTree = "<group>";
		};
		09FB0D7222677BF500735B74 /* Button */ = {
			isa = PBXGroup;
			children = (
				D0049A1D226F0929007FA256 /* RRButton.swift */,
			);
			path = Button;
			sourceTree = "<group>";
		};
		09FB0D7322686C2500735B74 /* YourRobots */ = {
			isa = PBXGroup;
			children = (
				09FB0D67226761E900735B74 /* YourRobotsViewController.swift */,
				09FB0D68226761E900735B74 /* YourRobotsViewController.xib */,
			);
			path = YourRobots;
			sourceTree = "<group>";
		};
		2A77320122648F9A00D7F38D /* Settings */ = {
			isa = PBXGroup;
			children = (
				2A77320222648FB000D7F38D /* Settings.bundle */,
			);
			path = Settings;
			sourceTree = "<group>";
		};
		2A7732062264A15E00D7F38D /* Assemblies */ = {
			isa = PBXGroup;
			children = (
				2A7732042264A15600D7F38D /* AssemblyRegister.swift */,
				2A7732072264A32200D7F38D /* ScreenAssembly.swift */,
				2A7732092264A32D00D7F38D /* ServiceAssembly.swift */,
			);
			path = Assemblies;
			sourceTree = "<group>";
		};
		2A77320B2264A73A00D7F38D /* Services */ = {
			isa = PBXGroup;
			children = (
				2A77320C2264A78400D7F38D /* FirebaseService */,
			);
			path = Services;
			sourceTree = "<group>";
		};
		2A77320C2264A78400D7F38D /* FirebaseService */ = {
			isa = PBXGroup;
			children = (
				D08C1CE1226478200052EE1F /* FirebaseService.swift */,
				2A77320E2264A79900D7F38D /* FirebaseServiceInterface.swift */,
				09C387592270A7100097619D /* FirebaseError.swift */,
			);
			path = FirebaseService;
			sourceTree = "<group>";
		};
		2A7732102264A95900D7F38D /* Protocols */ = {
			isa = PBXGroup;
			children = (
				09ED1B99225241C9009CF262 /* NibLoadable.swift */,
				09ED1B9B2252424F009CF262 /* Reusable.swift */,
			);
			path = Protocols;
			sourceTree = "<group>";
		};
		2A7732112264A96800D7F38D /* Connectivity */ = {
			isa = PBXGroup;
			children = (
				2A919379225F7C6F00E927FD /* BluetoothReachability.swift */,
			);
			path = Connectivity;
			sourceTree = "<group>";
		};
		2A9F52042265E1D500F9F651 /* Base */ = {
			isa = PBXGroup;
			children = (
				2A9F52052265E31C00F9F651 /* BaseViewController.swift */,
			);
			path = Base;
			sourceTree = "<group>";
		};
		2A9F52072265E8C500F9F651 /* Settings */ = {
			isa = PBXGroup;
			children = (
				2A9F52132265E97700F9F651 /* SettingsViewController.swift */,
				2A9F52142265E97700F9F651 /* SettingsViewController.xib */,
			);
			path = Settings;
			sourceTree = "<group>";
		};
		2A9F52092265E92400F9F651 /* Programs */ = {
			isa = PBXGroup;
			children = (
				2A9F520F2265E96B00F9F651 /* ProgramsViewController.swift */,
				2A9F52102265E96B00F9F651 /* ProgramsViewController.xib */,
			);
			path = Programs;
			sourceTree = "<group>";
		};
		2A9F520A2265E92B00F9F651 /* Challenges */ = {
			isa = PBXGroup;
			children = (
				2A9F520B2265E95600F9F651 /* ChallengesViewController.swift */,
				2A9F520C2265E95600F9F651 /* ChallengesViewController.xib */,
			);
			path = Challenges;
			sourceTree = "<group>";
		};
		2AA926D322773D82000FAA98 /* SideButton */ = {
			isa = PBXGroup;
			children = (
				2AA926D422773D95000FAA98 /* SideButton.swift */,
				2AA926D622773DC1000FAA98 /* SideButton.xib */,
			);
			path = SideButton;
			sourceTree = "<group>";
		};
		2ADE8C272270A58600ECEC72 /* Localization */ = {
			isa = PBXGroup;
			children = (
				2ADE8C402270AFFD00ECEC72 /* Localizable.strings */,
				2ADE8C312270A77200ECEC72 /* ChallengesKeys.swift */,
				2ADE8C392270A7A600ECEC72 /* CommunityKeys.swift */,
				2ADE8C3B2270A80F00ECEC72 /* MenuKeys.swift */,
				2ADE8C352270A79300ECEC72 /* ProgramsKeys.swift */,
				2ADE8C332270A78600ECEC72 /* RobotsKeys.swift */,
				2ADE8C372270A79E00ECEC72 /* SettingsKeys.swift */,
			);
			path = Localization;
			sourceTree = "<group>";
		};
		2ADE8C2A2270A67600ECEC72 /* UIView */ = {
			isa = PBXGroup;
			children = (
				09C3874C226F32F70097619D /* UIView+Anchor.swift */,
				D08C1CEF22648F990052EE1F /* UIView+Crop.swift */,
				D05BAA7C22676A0C00624438 /* UIView+NibLoadable.swift */,
				D05BAA7D22676A0C00624438 /* UIView+Reusable.swift */,
			);
			path = UIView;
			sourceTree = "<group>";
		};
		2ADE8C2B2270A68800ECEC72 /* UIViewController */ = {
			isa = PBXGroup;
			children = (
				D008E03B2260AAF500089DC7 /* UIViewController+NibLoadable.swift */,
			);
			path = UIViewController;
			sourceTree = "<group>";
		};
		2ADE8C2C2270A69400ECEC72 /* UICollectionView */ = {
			isa = PBXGroup;
			children = (
				D05BAA7A226769F300624438 /* UICollectionView+CellReuse.swift */,
			);
			path = UICollectionView;
			sourceTree = "<group>";
		};
		2ADE8C2D2270A6A000ECEC72 /* UIImage */ = {
			isa = PBXGroup;
			children = (
				2AFAA11122663111002BE0A2 /* UIImage+Color.swift */,
			);
			path = UIImage;
			sourceTree = "<group>";
		};
		2ADE8C2E2270A6A900ECEC72 /* NSLayoutConstraint */ = {
			isa = PBXGroup;
			children = (
				D05BAA78226769E900624438 /* NSLayoutConstraint+Multiplier.swift */,
			);
			path = NSLayoutConstraint;
			sourceTree = "<group>";
		};
		2ADE8C2F2270A6B400ECEC72 /* String */ = {
			isa = PBXGroup;
			children = (
				2ADE8C282270A61000ECEC72 /* String+Translate.swift */,
			);
			path = String;
			sourceTree = "<group>";
		};
		2ADE8C302270A6BB00ECEC72 /* Container */ = {
			isa = PBXGroup;
			children = (
				2A9F52172265EC0500F9F651 /* Container+Unwrapped.swift */,
			);
			path = Container;
			sourceTree = "<group>";
		};
		2ADF1F68224AB3B400CC721F = {
			isa = PBXGroup;
			children = (
				2ADF1F73224AB3B400CC721F /* RevolutionRobotics */,
				2ADF1F72224AB3B400CC721F /* Products */,
				81A36322A0A179BE2DDBC53B /* Pods */,
				34CA9ADCE5F78D42662B0BB5 /* Frameworks */,
			);
			sourceTree = "<group>";
		};
		2ADF1F72224AB3B400CC721F /* Products */ = {
			isa = PBXGroup;
			children = (
				2ADF1F71224AB3B400CC721F /* RevolutionRobotics.app */,
			);
			name = Products;
			sourceTree = "<group>";
		};
		2ADF1F73224AB3B400CC721F /* RevolutionRobotics */ = {
			isa = PBXGroup;
			children = (
				D05C64E8225F683800B7BF4F /* GoogleService-Info.plist */,
				09ED1BA52252434E009CF262 /* App */,
				D05C64C6225F56C400B7BF4F /* Model */,
				09ED1B9022523C22009CF262 /* Resources */,
				2A77320B2264A73A00D7F38D /* Services */,
				09ED1B98225241A7009CF262 /* Utils */,
				2AFAA10E22662FF6002BE0A2 /* View */,
				09ED1BA2225242CB009CF262 /* ViewControllers */,
			);
			path = RevolutionRobotics;
			sourceTree = "<group>";
		};
		2AFAA10E22662FF6002BE0A2 /* View */ = {
			isa = PBXGroup;
			children = (
				2AA926D322773D82000FAA98 /* SideButton */,
				09FB0D7222677BF500735B74 /* Button */,
				09C38756226F58180097619D /* CustomView */,
				090EAFF32264A4B1001E121E /* NavigationBar */,
			);
			path = View;
			sourceTree = "<group>";
		};
		34CA9ADCE5F78D42662B0BB5 /* Frameworks */ = {
			isa = PBXGroup;
			children = (
				2703FDDD1F3944173CF58883 /* Pods_RevolutionRobotics.framework */,
			);
			name = Frameworks;
			sourceTree = "<group>";
		};
		81A36322A0A179BE2DDBC53B /* Pods */ = {
			isa = PBXGroup;
			children = (
				3222BBCEACAD7CD926CA491F /* Pods-RevolutionRobotics.debug prod.xcconfig */,
				AD7B4F2CA1426678DEA6006D /* Pods-RevolutionRobotics.debug dev.xcconfig */,
				A1B6FE6D4EED82B8B42949D3 /* Pods-RevolutionRobotics.release prod.xcconfig */,
				885A268C4635C8205C22591E /* Pods-RevolutionRobotics.release dev.xcconfig */,
				43BC08A3B14DC91EF1DFAB7E /* Pods-RevolutionRobotics-metadata.plist */,
				2CF65C7356324D304B0D7D00 /* Pods-RevolutionRobotics-settings-metadata.plist */,
			);
			path = Pods;
			sourceTree = "<group>";
		};
		D0049A472270BBB5007FA256 /* UITableView */ = {
			isa = PBXGroup;
			children = (
				D0049A482270BBD2007FA256 /* UITableView+CellReuse.swift */,
			);
			path = UITableView;
			sourceTree = "<group>";
		};
		D0049A502271CC52007FA256 /* Modal */ = {
			isa = PBXGroup;
			children = (
				D0049A512271CC52007FA256 /* TurnOnBrainView.swift */,
				D0049A522271CC52007FA256 /* TurnOnBrainView.xib */,
			);
			path = Modal;
			sourceTree = "<group>";
		};
		D008E03A2260AAF500089DC7 /* Extensions */ = {
			isa = PBXGroup;
			children = (
				D0049A472270BBB5007FA256 /* UITableView */,
				2ADE8C302270A6BB00ECEC72 /* Container */,
				2ADE8C2E2270A6A900ECEC72 /* NSLayoutConstraint */,
				2ADE8C2F2270A6B400ECEC72 /* String */,
				2ADE8C2C2270A69400ECEC72 /* UICollectionView */,
				2ADE8C2D2270A6A000ECEC72 /* UIImage */,
				0985495A2271D42400A7C2DC /* UIImageView */,
				2ADE8C2A2270A67600ECEC72 /* UIView */,
				2ADE8C2B2270A68800ECEC72 /* UIViewController */,
			);
			path = Extensions;
			sourceTree = "<group>";
		};
		D03BA8552277384A005B3E33 /* Modal */ = {
			isa = PBXGroup;
			children = (
				D03BA8622277385E005B3E33 /* FailedConnectionTipsModal.swift */,
				D03BA8632277385E005B3E33 /* FailedConnectionTipsModal.xib */,
				D03BA8572277384A005B3E33 /* TestingModal.xib */,
				D03BA8582277384A005B3E33 /* TestingModal.swift */,
				D03BA8592277384A005B3E33 /* ChapterFinishedModal.xib */,
				D03BA85A2277384A005B3E33 /* ChapterFinishedModal.swift */,
				D03BA8562277384A005B3E33 /* ConnectionModal.swift */,
				D03BA85B2277384A005B3E33 /* ConnectionModal.xib */,
			);
			path = Modal;
			sourceTree = "<group>";
		};
		D05C64C6225F56C400B7BF4F /* Model */ = {
			isa = PBXGroup;
			children = (
				D008E0382260979300089DC7 /* FirebaseData.swift */,
				D05C64D2225F581500B7BF4F /* LocalObjects */,
				D05C64D7225F58CD00B7BF4F /* MixedObjects */,
				D05C64D1225F580800B7BF4F /* RemoteObjects */,
			);
			path = Model;
			sourceTree = "<group>";
		};
		D05C64D1225F580800B7BF4F /* RemoteObjects */ = {
			isa = PBXGroup;
			children = (
				D05C64CD225F578A00B7BF4F /* BuildStep.swift */,
				D05C64CB225F575A00B7BF4F /* Milestone.swift */,
				D05C64C9225F572F00B7BF4F /* MilestoneType.swift */,
				D05C64CF225F57BC00B7BF4F /* Robot.swift */,
				D05C64C7225F570000B7BF4F /* TestCode.swift */,
			);
			path = RemoteObjects;
			sourceTree = "<group>";
		};
		D05C64D2225F581500B7BF4F /* LocalObjects */ = {
			isa = PBXGroup;
			children = (
				D05C64D3225F585500B7BF4F /* BuildStatus.swift */,
				D05C64D5225F587700B7BF4F /* UserRobot.swift */,
			);
			path = LocalObjects;
			sourceTree = "<group>";
		};
		D05C64D7225F58CD00B7BF4F /* MixedObjects */ = {
			isa = PBXGroup;
			children = (
				D05C64E6225F5E3600B7BF4F /* Configuration.swift */,
				D05C64E0225F5C9900B7BF4F /* Drivetrain.swift */,
				D05C64E2225F5DBC00B7BF4F /* Motor.swift */,
				D05C64DA225F590100B7BF4F /* Port.swift */,
				D05C64E4225F5DEE00B7BF4F /* PortMapping.swift */,
				D05C64DE225F5C4E00B7BF4F /* Rotation.swift */,
				D05C64DC225F592400B7BF4F /* Sensor.swift */,
				D05C64D8225F58E200B7BF4F /* Side.swift */,
			);
			path = MixedObjects;
			sourceTree = "<group>";
		};
/* End PBXGroup section */

/* Begin PBXNativeTarget section */
		2ADF1F70224AB3B400CC721F /* RevolutionRobotics */ = {
			isa = PBXNativeTarget;
			buildConfigurationList = 2ADF1F83224AB3B600CC721F /* Build configuration list for PBXNativeTarget "RevolutionRobotics" */;
			buildPhases = (
				D969390872A2BADDEC0A65DC /* [CP] Check Pods Manifest.lock */,
				2ABD61812250052E00587F1C /* ShellScript */,
				2ADF1F6D224AB3B400CC721F /* Sources */,
				2ADF1F6E224AB3B400CC721F /* Frameworks */,
				2ADF1F6F224AB3B400CC721F /* Resources */,
				2ABD618222500F2F00587F1C /* Fabric */,
				BDA5FAD6FA3D495C4FCF1056 /* [CP] Embed Pods Frameworks */,
			);
			buildRules = (
			);
			dependencies = (
			);
			name = RevolutionRobotics;
			productName = RevolutionRobotics;
			productReference = 2ADF1F71224AB3B400CC721F /* RevolutionRobotics.app */;
			productType = "com.apple.product-type.application";
		};
/* End PBXNativeTarget section */

/* Begin PBXProject section */
		2ADF1F69224AB3B400CC721F /* Project object */ = {
			isa = PBXProject;
			attributes = {
				LastSwiftUpdateCheck = 1020;
				LastUpgradeCheck = 1020;
				ORGANIZATIONNAME = "Revolution Robotics";
				TargetAttributes = {
					2ADF1F70224AB3B400CC721F = {
						CreatedOnToolsVersion = 10.2;
					};
				};
			};
			buildConfigurationList = 2ADF1F6C224AB3B400CC721F /* Build configuration list for PBXProject "RevolutionRobotics" */;
			compatibilityVersion = "Xcode 9.3";
			developmentRegion = en;
			hasScannedForEncodings = 0;
			knownRegions = (
				en,
				Base,
			);
			mainGroup = 2ADF1F68224AB3B400CC721F;
			productRefGroup = 2ADF1F72224AB3B400CC721F /* Products */;
			projectDirPath = "";
			projectRoot = "";
			targets = (
				2ADF1F70224AB3B400CC721F /* RevolutionRobotics */,
			);
		};
/* End PBXProject section */

/* Begin PBXResourcesBuildPhase section */
		2ADF1F6F224AB3B400CC721F /* Resources */ = {
			isa = PBXResourcesBuildPhase;
			buildActionMask = 2147483647;
			files = (
				2AA926D722773DC1000FAA98 /* SideButton.xib in Resources */,
				D03BA8612277384A005B3E33 /* ConnectionModal.xib in Resources */,
				D03BA85D2277384A005B3E33 /* TestingModal.xib in Resources */,
				D03BA85F2277384A005B3E33 /* ChapterFinishedModal.xib in Resources */,
				09ED1BAB225247E2009CF262 /* MenuViewController.xib in Resources */,
				2A9F52122265E96B00F9F651 /* ProgramsViewController.xib in Resources */,
				2ADE8C412270AFFD00ECEC72 /* Localizable.strings in Resources */,
				2A9F52162265E97700F9F651 /* SettingsViewController.xib in Resources */,
				D0049A3F2270A8D7007FA256 /* AvailableRobotsView.xib in Resources */,
				D05C64E9225F683800B7BF4F /* GoogleService-Info.plist in Resources */,
				09C38755226F3ABC0097619D /* Barlow-Medium.ttf in Resources */,
				097F8433225BA37800DD32BF /* Jura-Bold.ttf in Resources */,
				2ADF1F7F224AB3B600CC721F /* LaunchScreen.storyboard in Resources */,
				09FB0D6C2267735800735B74 /* Barlow-Regular.ttf in Resources */,
				D03BA8542276F323005B3E33 /* PartView.xib in Resources */,
				2ADF1F7C224AB3B600CC721F /* Images.xcassets in Resources */,
				096479892268797F00F68456 /* Barlow-Bold.ttf in Resources */,
				D0049A25226F0A15007FA256 /* BuildStepViewController.xib in Resources */,
				D0049A432270ABA1007FA256 /* AvailableRobotsTableViewCell.xib in Resources */,
				D03BA8652277385E005B3E33 /* FailedConnectionTipsModal.xib in Resources */,
				196C152151CF8CD40BC3FBEF /* Pods-RevolutionRobotics-metadata.plist in Resources */,
				096479872268776200F68456 /* BuildRobotViewController.xib in Resources */,
				D05BAA9E22676BCA00624438 /* WhoToBuildCollectionViewCell.xib in Resources */,
				2A77320322648FB000D7F38D /* Settings.bundle in Resources */,
				09C38753226F38F40097619D /* Jura-Regular.ttf in Resources */,
				D0049A542271CC52007FA256 /* TurnOnBrainView.xib in Resources */,
				2A9F520E2265E95600F9F651 /* ChallengesViewController.xib in Resources */,
				09FB0D6A226761E900735B74 /* YourRobotsViewController.xib in Resources */,
				0964798122686DE000F68456 /* WhoToBuildViewController.xib in Resources */,
				0964798E22689DEC00F68456 /* ModalViewController.xib in Resources */,
				2BAD40C81EC39D61AE2D9BA4 /* Pods-RevolutionRobotics-settings-metadata.plist in Resources */,
				094F9DE02264CA7000BE118B /* RRNavigationBar.xib in Resources */,
			);
			runOnlyForDeploymentPostprocessing = 0;
		};
/* End PBXResourcesBuildPhase section */

/* Begin PBXShellScriptBuildPhase section */
		2ABD61812250052E00587F1C /* ShellScript */ = {
			isa = PBXShellScriptBuildPhase;
			buildActionMask = 2147483647;
			files = (
			);
			inputFileListPaths = (
			);
			inputPaths = (
			);
			outputFileListPaths = (
			);
			outputPaths = (
			);
			runOnlyForDeploymentPostprocessing = 0;
			shellPath = /bin/sh;
			shellScript = "\"${PODS_ROOT}/SwiftLint/swiftlint\"\n";
		};
		2ABD618222500F2F00587F1C /* Fabric */ = {
			isa = PBXShellScriptBuildPhase;
			buildActionMask = 2147483647;
			files = (
			);
			inputFileListPaths = (
			);
			inputPaths = (
				"$(BUILT_PRODUCTS_DIR)/$(INFOPLIST_PATH)",
			);
			name = Fabric;
			outputFileListPaths = (
			);
			outputPaths = (
			);
			runOnlyForDeploymentPostprocessing = 0;
			shellPath = /bin/sh;
			shellScript = "\"${PODS_ROOT}/Fabric/run\" 67f938d8e574a4ead3786995193bd4fec3d43c01 bd9ebad83e0940c8d27774be4c51e149e32afd3dde6406b186aa6968b18e38c0\n";
		};
		BDA5FAD6FA3D495C4FCF1056 /* [CP] Embed Pods Frameworks */ = {
			isa = PBXShellScriptBuildPhase;
			buildActionMask = 2147483647;
			files = (
			);
			inputFileListPaths = (
			);
			inputPaths = (
				"${PODS_ROOT}/Target Support Files/Pods-RevolutionRobotics/Pods-RevolutionRobotics-frameworks.sh",
				"${BUILT_PRODUCTS_DIR}/EFImageViewZoom/EFImageViewZoom.framework",
				"${BUILT_PRODUCTS_DIR}/GTMSessionFetcher/GTMSessionFetcher.framework",
				"${BUILT_PRODUCTS_DIR}/GoogleUtilities/GoogleUtilities.framework",
				"${BUILT_PRODUCTS_DIR}/Kingfisher/Kingfisher.framework",
				"${BUILT_PRODUCTS_DIR}/Realm/Realm.framework",
				"${BUILT_PRODUCTS_DIR}/RealmSwift/RealmSwift.framework",
				"${BUILT_PRODUCTS_DIR}/RevolutionRoboticsBlockly/RevolutionRoboticsBlockly.framework",
				"${BUILT_PRODUCTS_DIR}/RevolutionRoboticsBluetooth/RevolutionRoboticsBluetooth.framework",
				"${BUILT_PRODUCTS_DIR}/Swinject/Swinject.framework",
				"${BUILT_PRODUCTS_DIR}/WKWebViewJavascriptBridge/WKWebViewJavascriptBridge.framework",
				"${BUILT_PRODUCTS_DIR}/leveldb-library/leveldb.framework",
				"${BUILT_PRODUCTS_DIR}/nanopb/nanopb.framework",
			);
			name = "[CP] Embed Pods Frameworks";
			outputFileListPaths = (
			);
			outputPaths = (
				"${TARGET_BUILD_DIR}/${FRAMEWORKS_FOLDER_PATH}/EFImageViewZoom.framework",
				"${TARGET_BUILD_DIR}/${FRAMEWORKS_FOLDER_PATH}/GTMSessionFetcher.framework",
				"${TARGET_BUILD_DIR}/${FRAMEWORKS_FOLDER_PATH}/GoogleUtilities.framework",
				"${TARGET_BUILD_DIR}/${FRAMEWORKS_FOLDER_PATH}/Kingfisher.framework",
				"${TARGET_BUILD_DIR}/${FRAMEWORKS_FOLDER_PATH}/Realm.framework",
				"${TARGET_BUILD_DIR}/${FRAMEWORKS_FOLDER_PATH}/RealmSwift.framework",
				"${TARGET_BUILD_DIR}/${FRAMEWORKS_FOLDER_PATH}/RevolutionRoboticsBlockly.framework",
				"${TARGET_BUILD_DIR}/${FRAMEWORKS_FOLDER_PATH}/RevolutionRoboticsBluetooth.framework",
				"${TARGET_BUILD_DIR}/${FRAMEWORKS_FOLDER_PATH}/Swinject.framework",
				"${TARGET_BUILD_DIR}/${FRAMEWORKS_FOLDER_PATH}/WKWebViewJavascriptBridge.framework",
				"${TARGET_BUILD_DIR}/${FRAMEWORKS_FOLDER_PATH}/leveldb.framework",
				"${TARGET_BUILD_DIR}/${FRAMEWORKS_FOLDER_PATH}/nanopb.framework",
			);
			runOnlyForDeploymentPostprocessing = 0;
			shellPath = /bin/sh;
			shellScript = "\"${PODS_ROOT}/Target Support Files/Pods-RevolutionRobotics/Pods-RevolutionRobotics-frameworks.sh\"\n";
			showEnvVarsInLog = 0;
		};
		D969390872A2BADDEC0A65DC /* [CP] Check Pods Manifest.lock */ = {
			isa = PBXShellScriptBuildPhase;
			buildActionMask = 2147483647;
			files = (
			);
			inputFileListPaths = (
			);
			inputPaths = (
				"${PODS_PODFILE_DIR_PATH}/Podfile.lock",
				"${PODS_ROOT}/Manifest.lock",
			);
			name = "[CP] Check Pods Manifest.lock";
			outputFileListPaths = (
			);
			outputPaths = (
				"$(DERIVED_FILE_DIR)/Pods-RevolutionRobotics-checkManifestLockResult.txt",
			);
			runOnlyForDeploymentPostprocessing = 0;
			shellPath = /bin/sh;
			shellScript = "diff \"${PODS_PODFILE_DIR_PATH}/Podfile.lock\" \"${PODS_ROOT}/Manifest.lock\" > /dev/null\nif [ $? != 0 ] ; then\n    # print error to STDERR\n    echo \"error: The sandbox is not in sync with the Podfile.lock. Run 'pod install' or update your CocoaPods installation.\" >&2\n    exit 1\nfi\n# This output is used by Xcode 'outputs' to avoid re-running this script phase.\necho \"SUCCESS\" > \"${SCRIPT_OUTPUT_FILE_0}\"\n";
			showEnvVarsInLog = 0;
		};
/* End PBXShellScriptBuildPhase section */

/* Begin PBXSourcesBuildPhase section */
		2ADF1F6D224AB3B400CC721F /* Sources */ = {
			isa = PBXSourcesBuildPhase;
			buildActionMask = 2147483647;
			files = (
				2A77320A2264A32D00D7F38D /* ServiceAssembly.swift in Sources */,
				2A7732052264A15600D7F38D /* AssemblyRegister.swift in Sources */,
				D0049A422270ABA1007FA256 /* AvailableRobotsTableViewCell.swift in Sources */,
				D05C64D4225F585500B7BF4F /* BuildStatus.swift in Sources */,
				09C38758226F58260097619D /* RRCustomView.swift in Sources */,
				D05C64DD225F592400B7BF4F /* Sensor.swift in Sources */,
				D0049A492270BBD2007FA256 /* UITableView+CellReuse.swift in Sources */,
				096479862268776200F68456 /* BuildRobotViewController.swift in Sources */,
				D03BA8532276F323005B3E33 /* PartView.swift in Sources */,
				2A9F52062265E31C00F9F651 /* BaseViewController.swift in Sources */,
				D05C64CE225F578A00B7BF4F /* BuildStep.swift in Sources */,
				D05C64D9225F58E200B7BF4F /* Side.swift in Sources */,
				09C3875A2270A7100097619D /* FirebaseError.swift in Sources */,
				094F9DD82264BE1900BE118B /* Color.swift in Sources */,
				D05C64CA225F572F00B7BF4F /* MilestoneType.swift in Sources */,
				D03BA85E2277384A005B3E33 /* TestingModal.swift in Sources */,
				D05C64D6225F587700B7BF4F /* UserRobot.swift in Sources */,
				D05C64C8225F570000B7BF4F /* TestCode.swift in Sources */,
				D08C1CE2226478200052EE1F /* FirebaseService.swift in Sources */,
				D03BA8602277384A005B3E33 /* ChapterFinishedModal.swift in Sources */,
				D03BA8642277385E005B3E33 /* FailedConnectionTipsModal.swift in Sources */,
				09ED1BA9225247B1009CF262 /* MenuViewController.swift in Sources */,
				D05BAA79226769E900624438 /* NSLayoutConstraint+Multiplier.swift in Sources */,
				2A91937A225F7C6F00E927FD /* BluetoothReachability.swift in Sources */,
				2ADE8C292270A61000ECEC72 /* String+Translate.swift in Sources */,
				094F9DDC2264BEE600BE118B /* Font.swift in Sources */,
				D05C64CC225F575A00B7BF4F /* Milestone.swift in Sources */,
				09ED1B9C2252424F009CF262 /* Reusable.swift in Sources */,
				09C3874D226F32F70097619D /* UIView+Anchor.swift in Sources */,
				2ADE8C3A2270A7A700ECEC72 /* CommunityKeys.swift in Sources */,
				2AFAA11222663111002BE0A2 /* UIImage+Color.swift in Sources */,
				2ADE8C362270A79300ECEC72 /* ProgramsKeys.swift in Sources */,
				D0049A532271CC52007FA256 /* TurnOnBrainView.swift in Sources */,
				2A9F520D2265E95600F9F651 /* ChallengesViewController.swift in Sources */,
				0985495C2271D44500A7C2DC /* UIImageView+GoogleStorage.swift in Sources */,
				2ADE8C3C2270A80F00ECEC72 /* MenuKeys.swift in Sources */,
				2A9F52112265E96B00F9F651 /* ProgramsViewController.swift in Sources */,
				D05C64E7225F5E3600B7BF4F /* Configuration.swift in Sources */,
				D08C1CF022648F990052EE1F /* UIView+Crop.swift in Sources */,
				D05C64E1225F5C9900B7BF4F /* Drivetrain.swift in Sources */,
				D008E03E2260AAF500089DC7 /* UIViewController+NibLoadable.swift in Sources */,
				2A9F52022265DAC900F9F651 /* AppContainer.swift in Sources */,
				0964798222686DE000F68456 /* WhoToBuildViewController.swift in Sources */,
				D05C64E3225F5DBC00B7BF4F /* Motor.swift in Sources */,
				D0049A28226F30AA007FA256 /* WhoToBuildCollectionViewCell.swift in Sources */,
				D05BAA7F22676A0C00624438 /* UIView+Reusable.swift in Sources */,
				2A9F52182265EC0500F9F651 /* Container+Unwrapped.swift in Sources */,
				D05C64E5225F5DEE00B7BF4F /* PortMapping.swift in Sources */,
				2A9F52152265E97700F9F651 /* SettingsViewController.swift in Sources */,
				2ABD618422500F7C00587F1C /* AppDependencies.swift in Sources */,
				09ED1BAD22524B09009CF262 /* Callback.swift in Sources */,
				2A7732082264A32200D7F38D /* ScreenAssembly.swift in Sources */,
				D05C64DF225F5C4E00B7BF4F /* Rotation.swift in Sources */,
				D03BA85C2277384A005B3E33 /* ConnectionModal.swift in Sources */,
				2ADE8C382270A79E00ECEC72 /* SettingsKeys.swift in Sources */,
				D05C64D0225F57BC00B7BF4F /* Robot.swift in Sources */,
				0964798D22689DEC00F68456 /* ModalViewController.swift in Sources */,
				094F9DDE2264CA5600BE118B /* RRNavigationBar.swift in Sources */,
				D0049A26226F0A15007FA256 /* BuildStepViewController.swift in Sources */,
				D05C64DB225F590100B7BF4F /* Port.swift in Sources */,
				D05BAA7E22676A0C00624438 /* UIView+NibLoadable.swift in Sources */,
				2AA926D522773D95000FAA98 /* SideButton.swift in Sources */,
				D05BAA7B226769F300624438 /* UICollectionView+CellReuse.swift in Sources */,
				2A77320F2264A79900D7F38D /* FirebaseServiceInterface.swift in Sources */,
				2ADE8C322270A77200ECEC72 /* ChallengesKeys.swift in Sources */,
				09FB0D69226761E900735B74 /* YourRobotsViewController.swift in Sources */,
				D0049A3D2270A8CF007FA256 /* AvailableRobotsView.swift in Sources */,
				09ED1B9A225241C9009CF262 /* NibLoadable.swift in Sources */,
				D0049A1E226F0929007FA256 /* RRButton.swift in Sources */,
				2ADE8C342270A78600ECEC72 /* RobotsKeys.swift in Sources */,
				D008E0392260979400089DC7 /* FirebaseData.swift in Sources */,
				2ADF1F75224AB3B400CC721F /* AppDelegate.swift in Sources */,
				094F9DDA2264BE9600BE118B /* Image.swift in Sources */,
			);
			runOnlyForDeploymentPostprocessing = 0;
		};
/* End PBXSourcesBuildPhase section */

/* Begin PBXVariantGroup section */
		2ADF1F7D224AB3B600CC721F /* LaunchScreen.storyboard */ = {
			isa = PBXVariantGroup;
			children = (
				2ADE8C3E2270AF0100ECEC72 /* Base */,
			);
			name = LaunchScreen.storyboard;
			sourceTree = "<group>";
		};
/* End PBXVariantGroup section */

/* Begin XCBuildConfiguration section */
		2ABD61852250AB1300587F1C /* Debug Dev */ = {
			isa = XCBuildConfiguration;
			buildSettings = {
				ALWAYS_SEARCH_USER_PATHS = NO;
				CLANG_ANALYZER_LOCALIZABILITY_NONLOCALIZED = YES;
				CLANG_ANALYZER_NONNULL = YES;
				CLANG_ANALYZER_NUMBER_OBJECT_CONVERSION = YES_AGGRESSIVE;
				CLANG_CXX_LANGUAGE_STANDARD = "gnu++14";
				CLANG_CXX_LIBRARY = "libc++";
				CLANG_ENABLE_MODULES = YES;
				CLANG_ENABLE_OBJC_ARC = YES;
				CLANG_ENABLE_OBJC_WEAK = YES;
				CLANG_WARN_BLOCK_CAPTURE_AUTORELEASING = YES;
				CLANG_WARN_BOOL_CONVERSION = YES;
				CLANG_WARN_COMMA = YES;
				CLANG_WARN_CONSTANT_CONVERSION = YES;
				CLANG_WARN_DEPRECATED_OBJC_IMPLEMENTATIONS = YES;
				CLANG_WARN_DIRECT_OBJC_ISA_USAGE = YES_ERROR;
				CLANG_WARN_DOCUMENTATION_COMMENTS = YES;
				CLANG_WARN_EMPTY_BODY = YES;
				CLANG_WARN_ENUM_CONVERSION = YES;
				CLANG_WARN_INFINITE_RECURSION = YES;
				CLANG_WARN_INT_CONVERSION = YES;
				CLANG_WARN_NON_LITERAL_NULL_CONVERSION = YES;
				CLANG_WARN_OBJC_IMPLICIT_RETAIN_SELF = YES;
				CLANG_WARN_OBJC_LITERAL_CONVERSION = YES;
				CLANG_WARN_OBJC_ROOT_CLASS = YES_ERROR;
				CLANG_WARN_RANGE_LOOP_ANALYSIS = YES;
				CLANG_WARN_STRICT_PROTOTYPES = YES;
				CLANG_WARN_SUSPICIOUS_MOVE = YES;
				CLANG_WARN_UNGUARDED_AVAILABILITY = YES_AGGRESSIVE;
				CLANG_WARN_UNREACHABLE_CODE = YES;
				CLANG_WARN__DUPLICATE_METHOD_MATCH = YES;
				CODE_SIGN_IDENTITY = "iPhone Developer";
				COPY_PHASE_STRIP = NO;
				DEBUG_INFORMATION_FORMAT = dwarf;
				ENABLE_STRICT_OBJC_MSGSEND = YES;
				ENABLE_TESTABILITY = YES;
				GCC_C_LANGUAGE_STANDARD = gnu11;
				GCC_DYNAMIC_NO_PIC = NO;
				GCC_NO_COMMON_BLOCKS = YES;
				GCC_OPTIMIZATION_LEVEL = 0;
				GCC_PREPROCESSOR_DEFINITIONS = (
					"DEBUG=1",
					"$(inherited)",
				);
				GCC_WARN_64_TO_32_BIT_CONVERSION = YES;
				GCC_WARN_ABOUT_RETURN_TYPE = YES_ERROR;
				GCC_WARN_UNDECLARED_SELECTOR = YES;
				GCC_WARN_UNINITIALIZED_AUTOS = YES_AGGRESSIVE;
				GCC_WARN_UNUSED_FUNCTION = YES;
				GCC_WARN_UNUSED_VARIABLE = YES;
				IPHONEOS_DEPLOYMENT_TARGET = 11.0;
				MTL_ENABLE_DEBUG_INFO = INCLUDE_SOURCE;
				MTL_FAST_MATH = YES;
				ONLY_ACTIVE_ARCH = YES;
				SDKROOT = iphoneos;
				SWIFT_ACTIVE_COMPILATION_CONDITIONS = DEBUG;
				SWIFT_OPTIMIZATION_LEVEL = "-Onone";
			};
			name = "Debug Dev";
		};
		2ABD61862250AB1300587F1C /* Debug Dev */ = {
			isa = XCBuildConfiguration;
			baseConfigurationReference = AD7B4F2CA1426678DEA6006D /* Pods-RevolutionRobotics.debug dev.xcconfig */;
			buildSettings = {
				ASSETCATALOG_COMPILER_APPICON_NAME = AppIcon;
				CODE_SIGN_IDENTITY = "iPhone Developer";
				CODE_SIGN_STYLE = Manual;
				CURRENT_PROJECT_VERSION = 1;
				DEBUG_INFORMATION_FORMAT = "dwarf-with-dsym";
				DEVELOPMENT_TEAM = TP6VZ3G227;
				DisplayNamePrefix = "Dev ";
				INFOPLIST_FILE = RevolutionRobotics/Resources/Info.plist;
				LD_RUNPATH_SEARCH_PATHS = (
					"$(inherited)",
					"@executable_path/Frameworks",
				);
				PRODUCT_BUNDLE_IDENTIFIER = org.revolutionrobotics.RevolutionRobotics.dev.development.sc;
				PRODUCT_NAME = "$(TARGET_NAME)";
				PROVISIONING_PROFILE_SPECIFIER = "match Development org.revolutionrobotics.RevolutionRobotics.dev.development.sc";
				SWIFT_VERSION = 5.0;
				TARGETED_DEVICE_FAMILY = 1;
				VERSIONING_SYSTEM = "apple-generic";
			};
			name = "Debug Dev";
		};
		2ABD61872250AB2800587F1C /* Release Dev */ = {
			isa = XCBuildConfiguration;
			buildSettings = {
				ALWAYS_SEARCH_USER_PATHS = NO;
				CLANG_ANALYZER_LOCALIZABILITY_NONLOCALIZED = YES;
				CLANG_ANALYZER_NONNULL = YES;
				CLANG_ANALYZER_NUMBER_OBJECT_CONVERSION = YES_AGGRESSIVE;
				CLANG_CXX_LANGUAGE_STANDARD = "gnu++14";
				CLANG_CXX_LIBRARY = "libc++";
				CLANG_ENABLE_MODULES = YES;
				CLANG_ENABLE_OBJC_ARC = YES;
				CLANG_ENABLE_OBJC_WEAK = YES;
				CLANG_WARN_BLOCK_CAPTURE_AUTORELEASING = YES;
				CLANG_WARN_BOOL_CONVERSION = YES;
				CLANG_WARN_COMMA = YES;
				CLANG_WARN_CONSTANT_CONVERSION = YES;
				CLANG_WARN_DEPRECATED_OBJC_IMPLEMENTATIONS = YES;
				CLANG_WARN_DIRECT_OBJC_ISA_USAGE = YES_ERROR;
				CLANG_WARN_DOCUMENTATION_COMMENTS = YES;
				CLANG_WARN_EMPTY_BODY = YES;
				CLANG_WARN_ENUM_CONVERSION = YES;
				CLANG_WARN_INFINITE_RECURSION = YES;
				CLANG_WARN_INT_CONVERSION = YES;
				CLANG_WARN_NON_LITERAL_NULL_CONVERSION = YES;
				CLANG_WARN_OBJC_IMPLICIT_RETAIN_SELF = YES;
				CLANG_WARN_OBJC_LITERAL_CONVERSION = YES;
				CLANG_WARN_OBJC_ROOT_CLASS = YES_ERROR;
				CLANG_WARN_RANGE_LOOP_ANALYSIS = YES;
				CLANG_WARN_STRICT_PROTOTYPES = YES;
				CLANG_WARN_SUSPICIOUS_MOVE = YES;
				CLANG_WARN_UNGUARDED_AVAILABILITY = YES_AGGRESSIVE;
				CLANG_WARN_UNREACHABLE_CODE = YES;
				CLANG_WARN__DUPLICATE_METHOD_MATCH = YES;
				CODE_SIGN_IDENTITY = "iPhone Developer";
				COPY_PHASE_STRIP = NO;
				DEBUG_INFORMATION_FORMAT = "dwarf-with-dsym";
				ENABLE_NS_ASSERTIONS = NO;
				ENABLE_STRICT_OBJC_MSGSEND = YES;
				GCC_C_LANGUAGE_STANDARD = gnu11;
				GCC_NO_COMMON_BLOCKS = YES;
				GCC_WARN_64_TO_32_BIT_CONVERSION = YES;
				GCC_WARN_ABOUT_RETURN_TYPE = YES_ERROR;
				GCC_WARN_UNDECLARED_SELECTOR = YES;
				GCC_WARN_UNINITIALIZED_AUTOS = YES_AGGRESSIVE;
				GCC_WARN_UNUSED_FUNCTION = YES;
				GCC_WARN_UNUSED_VARIABLE = YES;
				IPHONEOS_DEPLOYMENT_TARGET = 11.0;
				MTL_ENABLE_DEBUG_INFO = NO;
				MTL_FAST_MATH = YES;
				SDKROOT = iphoneos;
				SWIFT_COMPILATION_MODE = wholemodule;
				SWIFT_OPTIMIZATION_LEVEL = "-O";
				VALIDATE_PRODUCT = YES;
			};
			name = "Release Dev";
		};
		2ABD61882250AB2800587F1C /* Release Dev */ = {
			isa = XCBuildConfiguration;
			baseConfigurationReference = 885A268C4635C8205C22591E /* Pods-RevolutionRobotics.release dev.xcconfig */;
			buildSettings = {
				ASSETCATALOG_COMPILER_APPICON_NAME = AppIcon;
				CODE_SIGN_IDENTITY = "iPhone Distribution";
				CODE_SIGN_STYLE = Manual;
				CURRENT_PROJECT_VERSION = 1;
				DEVELOPMENT_TEAM = TP6VZ3G227;
				DisplayNamePrefix = "Dev ";
				INFOPLIST_FILE = RevolutionRobotics/Resources/Info.plist;
				LD_RUNPATH_SEARCH_PATHS = (
					"$(inherited)",
					"@executable_path/Frameworks",
				);
				PRODUCT_BUNDLE_IDENTIFIER = org.revolutionrobotics.RevolutionRobotics.dev.sc;
				PRODUCT_NAME = "$(TARGET_NAME)";
				PROVISIONING_PROFILE_SPECIFIER = "Revolution Robotics DEV Enterprise";
				SWIFT_VERSION = 5.0;
				TARGETED_DEVICE_FAMILY = 1;
				VERSIONING_SYSTEM = "apple-generic";
			};
			name = "Release Dev";
		};
		2ADF1F81224AB3B600CC721F /* Debug Prod */ = {
			isa = XCBuildConfiguration;
			buildSettings = {
				ALWAYS_SEARCH_USER_PATHS = NO;
				CLANG_ANALYZER_LOCALIZABILITY_NONLOCALIZED = YES;
				CLANG_ANALYZER_NONNULL = YES;
				CLANG_ANALYZER_NUMBER_OBJECT_CONVERSION = YES_AGGRESSIVE;
				CLANG_CXX_LANGUAGE_STANDARD = "gnu++14";
				CLANG_CXX_LIBRARY = "libc++";
				CLANG_ENABLE_MODULES = YES;
				CLANG_ENABLE_OBJC_ARC = YES;
				CLANG_ENABLE_OBJC_WEAK = YES;
				CLANG_WARN_BLOCK_CAPTURE_AUTORELEASING = YES;
				CLANG_WARN_BOOL_CONVERSION = YES;
				CLANG_WARN_COMMA = YES;
				CLANG_WARN_CONSTANT_CONVERSION = YES;
				CLANG_WARN_DEPRECATED_OBJC_IMPLEMENTATIONS = YES;
				CLANG_WARN_DIRECT_OBJC_ISA_USAGE = YES_ERROR;
				CLANG_WARN_DOCUMENTATION_COMMENTS = YES;
				CLANG_WARN_EMPTY_BODY = YES;
				CLANG_WARN_ENUM_CONVERSION = YES;
				CLANG_WARN_INFINITE_RECURSION = YES;
				CLANG_WARN_INT_CONVERSION = YES;
				CLANG_WARN_NON_LITERAL_NULL_CONVERSION = YES;
				CLANG_WARN_OBJC_IMPLICIT_RETAIN_SELF = YES;
				CLANG_WARN_OBJC_LITERAL_CONVERSION = YES;
				CLANG_WARN_OBJC_ROOT_CLASS = YES_ERROR;
				CLANG_WARN_RANGE_LOOP_ANALYSIS = YES;
				CLANG_WARN_STRICT_PROTOTYPES = YES;
				CLANG_WARN_SUSPICIOUS_MOVE = YES;
				CLANG_WARN_UNGUARDED_AVAILABILITY = YES_AGGRESSIVE;
				CLANG_WARN_UNREACHABLE_CODE = YES;
				CLANG_WARN__DUPLICATE_METHOD_MATCH = YES;
				CODE_SIGN_IDENTITY = "iPhone Developer";
				COPY_PHASE_STRIP = NO;
				DEBUG_INFORMATION_FORMAT = dwarf;
				ENABLE_STRICT_OBJC_MSGSEND = YES;
				ENABLE_TESTABILITY = YES;
				GCC_C_LANGUAGE_STANDARD = gnu11;
				GCC_DYNAMIC_NO_PIC = NO;
				GCC_NO_COMMON_BLOCKS = YES;
				GCC_OPTIMIZATION_LEVEL = 0;
				GCC_PREPROCESSOR_DEFINITIONS = (
					"DEBUG=1",
					"$(inherited)",
				);
				GCC_WARN_64_TO_32_BIT_CONVERSION = YES;
				GCC_WARN_ABOUT_RETURN_TYPE = YES_ERROR;
				GCC_WARN_UNDECLARED_SELECTOR = YES;
				GCC_WARN_UNINITIALIZED_AUTOS = YES_AGGRESSIVE;
				GCC_WARN_UNUSED_FUNCTION = YES;
				GCC_WARN_UNUSED_VARIABLE = YES;
				IPHONEOS_DEPLOYMENT_TARGET = 11.0;
				MTL_ENABLE_DEBUG_INFO = INCLUDE_SOURCE;
				MTL_FAST_MATH = YES;
				ONLY_ACTIVE_ARCH = YES;
				SDKROOT = iphoneos;
				SWIFT_ACTIVE_COMPILATION_CONDITIONS = DEBUG;
				SWIFT_OPTIMIZATION_LEVEL = "-Onone";
			};
			name = "Debug Prod";
		};
		2ADF1F82224AB3B600CC721F /* Release Prod */ = {
			isa = XCBuildConfiguration;
			buildSettings = {
				ALWAYS_SEARCH_USER_PATHS = NO;
				CLANG_ANALYZER_LOCALIZABILITY_NONLOCALIZED = YES;
				CLANG_ANALYZER_NONNULL = YES;
				CLANG_ANALYZER_NUMBER_OBJECT_CONVERSION = YES_AGGRESSIVE;
				CLANG_CXX_LANGUAGE_STANDARD = "gnu++14";
				CLANG_CXX_LIBRARY = "libc++";
				CLANG_ENABLE_MODULES = YES;
				CLANG_ENABLE_OBJC_ARC = YES;
				CLANG_ENABLE_OBJC_WEAK = YES;
				CLANG_WARN_BLOCK_CAPTURE_AUTORELEASING = YES;
				CLANG_WARN_BOOL_CONVERSION = YES;
				CLANG_WARN_COMMA = YES;
				CLANG_WARN_CONSTANT_CONVERSION = YES;
				CLANG_WARN_DEPRECATED_OBJC_IMPLEMENTATIONS = YES;
				CLANG_WARN_DIRECT_OBJC_ISA_USAGE = YES_ERROR;
				CLANG_WARN_DOCUMENTATION_COMMENTS = YES;
				CLANG_WARN_EMPTY_BODY = YES;
				CLANG_WARN_ENUM_CONVERSION = YES;
				CLANG_WARN_INFINITE_RECURSION = YES;
				CLANG_WARN_INT_CONVERSION = YES;
				CLANG_WARN_NON_LITERAL_NULL_CONVERSION = YES;
				CLANG_WARN_OBJC_IMPLICIT_RETAIN_SELF = YES;
				CLANG_WARN_OBJC_LITERAL_CONVERSION = YES;
				CLANG_WARN_OBJC_ROOT_CLASS = YES_ERROR;
				CLANG_WARN_RANGE_LOOP_ANALYSIS = YES;
				CLANG_WARN_STRICT_PROTOTYPES = YES;
				CLANG_WARN_SUSPICIOUS_MOVE = YES;
				CLANG_WARN_UNGUARDED_AVAILABILITY = YES_AGGRESSIVE;
				CLANG_WARN_UNREACHABLE_CODE = YES;
				CLANG_WARN__DUPLICATE_METHOD_MATCH = YES;
				CODE_SIGN_IDENTITY = "iPhone Developer";
				COPY_PHASE_STRIP = NO;
				DEBUG_INFORMATION_FORMAT = "dwarf-with-dsym";
				ENABLE_NS_ASSERTIONS = NO;
				ENABLE_STRICT_OBJC_MSGSEND = YES;
				GCC_C_LANGUAGE_STANDARD = gnu11;
				GCC_NO_COMMON_BLOCKS = YES;
				GCC_WARN_64_TO_32_BIT_CONVERSION = YES;
				GCC_WARN_ABOUT_RETURN_TYPE = YES_ERROR;
				GCC_WARN_UNDECLARED_SELECTOR = YES;
				GCC_WARN_UNINITIALIZED_AUTOS = YES_AGGRESSIVE;
				GCC_WARN_UNUSED_FUNCTION = YES;
				GCC_WARN_UNUSED_VARIABLE = YES;
				IPHONEOS_DEPLOYMENT_TARGET = 11.0;
				MTL_ENABLE_DEBUG_INFO = NO;
				MTL_FAST_MATH = YES;
				SDKROOT = iphoneos;
				SWIFT_COMPILATION_MODE = wholemodule;
				SWIFT_OPTIMIZATION_LEVEL = "-O";
				VALIDATE_PRODUCT = YES;
			};
			name = "Release Prod";
		};
		2ADF1F84224AB3B600CC721F /* Debug Prod */ = {
			isa = XCBuildConfiguration;
			baseConfigurationReference = 3222BBCEACAD7CD926CA491F /* Pods-RevolutionRobotics.debug prod.xcconfig */;
			buildSettings = {
				ASSETCATALOG_COMPILER_APPICON_NAME = AppIcon;
				CODE_SIGN_IDENTITY = "iPhone Developer";
				CODE_SIGN_STYLE = Manual;
				CURRENT_PROJECT_VERSION = 1;
				DEBUG_INFORMATION_FORMAT = "dwarf-with-dsym";
				DEVELOPMENT_TEAM = TP6VZ3G227;
				DisplayNamePrefix = "";
				INFOPLIST_FILE = RevolutionRobotics/Resources/Info.plist;
				LD_RUNPATH_SEARCH_PATHS = (
					"$(inherited)",
					"@executable_path/Frameworks",
				);
				PRODUCT_BUNDLE_IDENTIFIER = org.revolutionrobotics.RevolutionRobotics.development.sc;
				PRODUCT_NAME = "$(TARGET_NAME)";
				PROVISIONING_PROFILE_SPECIFIER = "match Development org.revolutionrobotics.RevolutionRobotics.development.sc";
				SWIFT_VERSION = 5.0;
				TARGETED_DEVICE_FAMILY = 1;
				VERSIONING_SYSTEM = "apple-generic";
			};
			name = "Debug Prod";
		};
		2ADF1F85224AB3B600CC721F /* Release Prod */ = {
			isa = XCBuildConfiguration;
			baseConfigurationReference = A1B6FE6D4EED82B8B42949D3 /* Pods-RevolutionRobotics.release prod.xcconfig */;
			buildSettings = {
				ASSETCATALOG_COMPILER_APPICON_NAME = AppIcon;
				CODE_SIGN_IDENTITY = "iPhone Distribution";
				CODE_SIGN_STYLE = Manual;
				CURRENT_PROJECT_VERSION = 1;
				DEVELOPMENT_TEAM = TP6VZ3G227;
				DisplayNamePrefix = "";
				INFOPLIST_FILE = RevolutionRobotics/Resources/Info.plist;
				LD_RUNPATH_SEARCH_PATHS = (
					"$(inherited)",
					"@executable_path/Frameworks",
				);
				PRODUCT_BUNDLE_IDENTIFIER = org.revolutionrobotics.RevolutionRobotics.sc;
				PRODUCT_NAME = "$(TARGET_NAME)";
				PROVISIONING_PROFILE_SPECIFIER = "Supercharge Wildcard";
				SWIFT_VERSION = 5.0;
				TARGETED_DEVICE_FAMILY = 1;
				VERSIONING_SYSTEM = "apple-generic";
			};
			name = "Release Prod";
		};
/* End XCBuildConfiguration section */

/* Begin XCConfigurationList section */
		2ADF1F6C224AB3B400CC721F /* Build configuration list for PBXProject "RevolutionRobotics" */ = {
			isa = XCConfigurationList;
			buildConfigurations = (
				2ADF1F81224AB3B600CC721F /* Debug Prod */,
				2ABD61852250AB1300587F1C /* Debug Dev */,
				2ADF1F82224AB3B600CC721F /* Release Prod */,
				2ABD61872250AB2800587F1C /* Release Dev */,
			);
			defaultConfigurationIsVisible = 0;
			defaultConfigurationName = "Debug Dev";
		};
		2ADF1F83224AB3B600CC721F /* Build configuration list for PBXNativeTarget "RevolutionRobotics" */ = {
			isa = XCConfigurationList;
			buildConfigurations = (
				2ADF1F84224AB3B600CC721F /* Debug Prod */,
				2ABD61862250AB1300587F1C /* Debug Dev */,
				2ADF1F85224AB3B600CC721F /* Release Prod */,
				2ABD61882250AB2800587F1C /* Release Dev */,
			);
			defaultConfigurationIsVisible = 0;
			defaultConfigurationName = "Debug Dev";
		};
/* End XCConfigurationList section */
	};
	rootObject = 2ADF1F69224AB3B400CC721F /* Project object */;
}
